
Microsoft Visual Studio Solution File, Format Version 12.00
# Visual Studio Version 17
VisualStudioVersion = 17.0.31903.59
MinimumVisualStudioVersion = 10.0.40219.1
Project("{FAE04EC0-301F-11D3-BF4B-00C04F79EFBC}") = "ECommerce.Contracts", "ECommerce.Contracts\ECommerce.Contracts.csproj", "{1FF7D291-3B51-4A6F-8FC7-CF0CA4B73336}"
EndProject
Project("{FAE04EC0-301F-11D3-BF4B-00C04F79EFBC}") = "ECommerce.OrderService.API", "ECommerce.OrderService.API\ECommerce.OrderService.API.csproj", "{14C15AEE-B190-4013-9201-6687AAB1C422}"
EndProject
Project("{FAE04EC0-301F-11D3-BF4B-00C04F79EFBC}") = "ECommerce.InventoryWorker", "ECommerce.InventoryWorker\ECommerce.InventoryWorker.csproj", "{29EBB423-2FDA-4B9F-A4D4-7D820342A382}"
EndProject
Project("{FAE04EC0-301F-11D3-BF4B-00C04F79EFBC}") = "ECommerce.NotificationWorker", "ECommerce.NotificationWorker\ECommerce.NotificationWorker.csproj", "{FACFF613-676F-4A81-B3D8-A6DAFCFAE25E}"
EndProject
Project("{FAE04EC0-301F-11D3-BF4B-00C04F79EFBC}") = "ECommerce.PaymentWorker", "ECommerce.PaymentWorker\ECommerce.PaymentWorker.csproj", "{BB68A361-8FBB-4F36-8365-D178D1B47123}"
EndProject
Project("{FAE04EC0-301F-11D3-BF4B-00C04F79EFBC}") = "ECommerce.ShippingWorker", "ECommerce.ShippingWorker\ECommerce.ShippingWorker.csproj", "{F90C1E6A-487C-4CBE-9868-5611350708E0}"
EndProject
Project("{FAE04EC0-301F-11D3-BF4B-00C04F79EFBC}") = "ECommerce.AppHost", "ECommerce.AppHost\ECommerce.AppHost.csproj", "{7E18440A-91D4-4612-BA5A-3CB8A09BE238}"
EndProject
Project("{FAE04EC0-301F-11D3-BF4B-00C04F79EFBC}") = "ECommerce.ServiceDefaults", "ECommerce.ServiceDefaults\ECommerce.ServiceDefaults.csproj", "{1DDF2140-EACF-454F-8B23-0A64908D3D88}"
EndProject
Project("{FAE04EC0-301F-11D3-BF4B-00C04F79EFBC}") = "ECommerce.IntegrationTests", "ECommerce.IntegrationTests\ECommerce.IntegrationTests.csproj", "{93FA77F9-E56B-4429-9B30-28503BC911DB}"
EndProject
Project("{2150E333-8FDC-42A3-9474-1A3956D46DE8}") = "tests", "tests", "{0AB3BF05-4346-4AA6-1389-037BE0695223}"
EndProject
Project("{FAE04EC0-301F-11D3-BF4B-00C04F79EFBC}") = "ECommerce.OrderService.Tests", "tests\ECommerce.OrderService.Tests\ECommerce.OrderService.Tests.csproj", "{00692F2B-DDB1-4F1E-8D54-F965A7962EF4}"
EndProject
Project("{FAE04EC0-301F-11D3-BF4B-00C04F79EFBC}") = "ECommerce.InventoryWorker.Tests", "tests\ECommerce.InventoryWorker.Tests\ECommerce.InventoryWorker.Tests.csproj", "{A3F60C15-7FE7-4C64-9BB0-BF2E32F99165}"
EndProject
Project("{FAE04EC0-301F-11D3-BF4B-00C04F79EFBC}") = "ECommerce.PaymentWorker.Tests", "tests\ECommerce.PaymentWorker.Tests\ECommerce.PaymentWorker.Tests.csproj", "{9253BD9B-EA2E-4639-BE91-0AD4B8F2E931}"
EndProject
Project("{FAE04EC0-301F-11D3-BF4B-00C04F79EFBC}") = "ECommerce.ShippingWorker.Tests", "tests\ECommerce.ShippingWorker.Tests\ECommerce.ShippingWorker.Tests.csproj", "{D3FDE56D-3B52-4C03-90B1-9DCECDAC0DA9}"
EndProject
Project("{FAE04EC0-301F-11D3-BF4B-00C04F79EFBC}") = "ECommerce.NotificationWorker.Tests", "tests\ECommerce.NotificationWorker.Tests\ECommerce.NotificationWorker.Tests.csproj", "{C53DF782-9D99-452D-A088-E8CFF62A8472}"
EndProject
Project("{FAE04EC0-301F-11D3-BF4B-00C04F79EFBC}") = "ECommerce.BFF.API", "ECommerce.BFF.API\ECommerce.BFF.API.csproj", "{0ED25F81-2750-40B8-A1C2-38E1DB506B87}"
EndProject
Project("{FAE04EC0-301F-11D3-BF4B-00C04F79EFBC}") = "ECommerce.UI", "ECommerce.UI\ECommerce.UI.csproj", "{D7F32DA2-9489-4BBE-9173-2214469D818D}"
EndProject
Project("{FAE04EC0-301F-11D3-BF4B-00C04F79EFBC}") = "ECommerce.BFF.API.Tests", "tests\ECommerce.BFF.API.Tests\ECommerce.BFF.API.Tests.csproj", "{1F077A1B-FCD7-4A2F-8239-C774E0DA4EB0}"
EndProject
Global
	GlobalSection(SolutionConfigurationPlatforms) = preSolution
		Debug|Any CPU = Debug|Any CPU
		Debug|x64 = Debug|x64
		Debug|x86 = Debug|x86
		Release|Any CPU = Release|Any CPU
		Release|x64 = Release|x64
		Release|x86 = Release|x86
	EndGlobalSection
	GlobalSection(ProjectConfigurationPlatforms) = postSolution
		{1FF7D291-3B51-4A6F-8FC7-CF0CA4B73336}.Debug|Any CPU.ActiveCfg = Debug|Any CPU
		{1FF7D291-3B51-4A6F-8FC7-CF0CA4B73336}.Debug|Any CPU.Build.0 = Debug|Any CPU
		{1FF7D291-3B51-4A6F-8FC7-CF0CA4B73336}.Debug|x64.ActiveCfg = Debug|Any CPU
		{1FF7D291-3B51-4A6F-8FC7-CF0CA4B73336}.Debug|x64.Build.0 = Debug|Any CPU
		{1FF7D291-3B51-4A6F-8FC7-CF0CA4B73336}.Debug|x86.ActiveCfg = Debug|Any CPU
		{1FF7D291-3B51-4A6F-8FC7-CF0CA4B73336}.Debug|x86.Build.0 = Debug|Any CPU
		{1FF7D291-3B51-4A6F-8FC7-CF0CA4B73336}.Release|Any CPU.ActiveCfg = Release|Any CPU
		{1FF7D291-3B51-4A6F-8FC7-CF0CA4B73336}.Release|Any CPU.Build.0 = Release|Any CPU
		{1FF7D291-3B51-4A6F-8FC7-CF0CA4B73336}.Release|x64.ActiveCfg = Release|Any CPU
		{1FF7D291-3B51-4A6F-8FC7-CF0CA4B73336}.Release|x64.Build.0 = Release|Any CPU
		{1FF7D291-3B51-4A6F-8FC7-CF0CA4B73336}.Release|x86.ActiveCfg = Release|Any CPU
		{1FF7D291-3B51-4A6F-8FC7-CF0CA4B73336}.Release|x86.Build.0 = Release|Any CPU
		{14C15AEE-B190-4013-9201-6687AAB1C422}.Debug|Any CPU.ActiveCfg = Debug|Any CPU
		{14C15AEE-B190-4013-9201-6687AAB1C422}.Debug|Any CPU.Build.0 = Debug|Any CPU
		{14C15AEE-B190-4013-9201-6687AAB1C422}.Debug|x64.ActiveCfg = Debug|Any CPU
		{14C15AEE-B190-4013-9201-6687AAB1C422}.Debug|x64.Build.0 = Debug|Any CPU
		{14C15AEE-B190-4013-9201-6687AAB1C422}.Debug|x86.ActiveCfg = Debug|Any CPU
		{14C15AEE-B190-4013-9201-6687AAB1C422}.Debug|x86.Build.0 = Debug|Any CPU
		{14C15AEE-B190-4013-9201-6687AAB1C422}.Release|Any CPU.ActiveCfg = Release|Any CPU
		{14C15AEE-B190-4013-9201-6687AAB1C422}.Release|Any CPU.Build.0 = Release|Any CPU
		{14C15AEE-B190-4013-9201-6687AAB1C422}.Release|x64.ActiveCfg = Release|Any CPU
		{14C15AEE-B190-4013-9201-6687AAB1C422}.Release|x64.Build.0 = Release|Any CPU
		{14C15AEE-B190-4013-9201-6687AAB1C422}.Release|x86.ActiveCfg = Release|Any CPU
		{14C15AEE-B190-4013-9201-6687AAB1C422}.Release|x86.Build.0 = Release|Any CPU
		{29EBB423-2FDA-4B9F-A4D4-7D820342A382}.Debug|Any CPU.ActiveCfg = Debug|Any CPU
		{29EBB423-2FDA-4B9F-A4D4-7D820342A382}.Debug|Any CPU.Build.0 = Debug|Any CPU
		{29EBB423-2FDA-4B9F-A4D4-7D820342A382}.Debug|x64.ActiveCfg = Debug|Any CPU
		{29EBB423-2FDA-4B9F-A4D4-7D820342A382}.Debug|x64.Build.0 = Debug|Any CPU
		{29EBB423-2FDA-4B9F-A4D4-7D820342A382}.Debug|x86.ActiveCfg = Debug|Any CPU
		{29EBB423-2FDA-4B9F-A4D4-7D820342A382}.Debug|x86.Build.0 = Debug|Any CPU
		{29EBB423-2FDA-4B9F-A4D4-7D820342A382}.Release|Any CPU.ActiveCfg = Release|Any CPU
		{29EBB423-2FDA-4B9F-A4D4-7D820342A382}.Release|Any CPU.Build.0 = Release|Any CPU
		{29EBB423-2FDA-4B9F-A4D4-7D820342A382}.Release|x64.ActiveCfg = Release|Any CPU
		{29EBB423-2FDA-4B9F-A4D4-7D820342A382}.Release|x64.Build.0 = Release|Any CPU
		{29EBB423-2FDA-4B9F-A4D4-7D820342A382}.Release|x86.ActiveCfg = Release|Any CPU
		{29EBB423-2FDA-4B9F-A4D4-7D820342A382}.Release|x86.Build.0 = Release|Any CPU
		{FACFF613-676F-4A81-B3D8-A6DAFCFAE25E}.Debug|Any CPU.ActiveCfg = Debug|Any CPU
		{FACFF613-676F-4A81-B3D8-A6DAFCFAE25E}.Debug|Any CPU.Build.0 = Debug|Any CPU
		{FACFF613-676F-4A81-B3D8-A6DAFCFAE25E}.Debug|x64.ActiveCfg = Debug|Any CPU
		{FACFF613-676F-4A81-B3D8-A6DAFCFAE25E}.Debug|x64.Build.0 = Debug|Any CPU
		{FACFF613-676F-4A81-B3D8-A6DAFCFAE25E}.Debug|x86.ActiveCfg = Debug|Any CPU
		{FACFF613-676F-4A81-B3D8-A6DAFCFAE25E}.Debug|x86.Build.0 = Debug|Any CPU
		{FACFF613-676F-4A81-B3D8-A6DAFCFAE25E}.Release|Any CPU.ActiveCfg = Release|Any CPU
		{FACFF613-676F-4A81-B3D8-A6DAFCFAE25E}.Release|Any CPU.Build.0 = Release|Any CPU
		{FACFF613-676F-4A81-B3D8-A6DAFCFAE25E}.Release|x64.ActiveCfg = Release|Any CPU
		{FACFF613-676F-4A81-B3D8-A6DAFCFAE25E}.Release|x64.Build.0 = Release|Any CPU
		{FACFF613-676F-4A81-B3D8-A6DAFCFAE25E}.Release|x86.ActiveCfg = Release|Any CPU
		{FACFF613-676F-4A81-B3D8-A6DAFCFAE25E}.Release|x86.Build.0 = Release|Any CPU
		{BB68A361-8FBB-4F36-8365-D178D1B47123}.Debug|Any CPU.ActiveCfg = Debug|Any CPU
		{BB68A361-8FBB-4F36-8365-D178D1B47123}.Debug|Any CPU.Build.0 = Debug|Any CPU
		{BB68A361-8FBB-4F36-8365-D178D1B47123}.Debug|x64.ActiveCfg = Debug|Any CPU
		{BB68A361-8FBB-4F36-8365-D178D1B47123}.Debug|x64.Build.0 = Debug|Any CPU
		{BB68A361-8FBB-4F36-8365-D178D1B47123}.Debug|x86.ActiveCfg = Debug|Any CPU
		{BB68A361-8FBB-4F36-8365-D178D1B47123}.Debug|x86.Build.0 = Debug|Any CPU
		{BB68A361-8FBB-4F36-8365-D178D1B47123}.Release|Any CPU.ActiveCfg = Release|Any CPU
		{BB68A361-8FBB-4F36-8365-D178D1B47123}.Release|Any CPU.Build.0 = Release|Any CPU
		{BB68A361-8FBB-4F36-8365-D178D1B47123}.Release|x64.ActiveCfg = Release|Any CPU
		{BB68A361-8FBB-4F36-8365-D178D1B47123}.Release|x64.Build.0 = Release|Any CPU
		{BB68A361-8FBB-4F36-8365-D178D1B47123}.Release|x86.ActiveCfg = Release|Any CPU
		{BB68A361-8FBB-4F36-8365-D178D1B47123}.Release|x86.Build.0 = Release|Any CPU
		{F90C1E6A-487C-4CBE-9868-5611350708E0}.Debug|Any CPU.ActiveCfg = Debug|Any CPU
		{F90C1E6A-487C-4CBE-9868-5611350708E0}.Debug|Any CPU.Build.0 = Debug|Any CPU
		{F90C1E6A-487C-4CBE-9868-5611350708E0}.Debug|x64.ActiveCfg = Debug|Any CPU
		{F90C1E6A-487C-4CBE-9868-5611350708E0}.Debug|x64.Build.0 = Debug|Any CPU
		{F90C1E6A-487C-4CBE-9868-5611350708E0}.Debug|x86.ActiveCfg = Debug|Any CPU
		{F90C1E6A-487C-4CBE-9868-5611350708E0}.Debug|x86.Build.0 = Debug|Any CPU
		{F90C1E6A-487C-4CBE-9868-5611350708E0}.Release|Any CPU.ActiveCfg = Release|Any CPU
		{F90C1E6A-487C-4CBE-9868-5611350708E0}.Release|Any CPU.Build.0 = Release|Any CPU
		{F90C1E6A-487C-4CBE-9868-5611350708E0}.Release|x64.ActiveCfg = Release|Any CPU
		{F90C1E6A-487C-4CBE-9868-5611350708E0}.Release|x64.Build.0 = Release|Any CPU
		{F90C1E6A-487C-4CBE-9868-5611350708E0}.Release|x86.ActiveCfg = Release|Any CPU
		{F90C1E6A-487C-4CBE-9868-5611350708E0}.Release|x86.Build.0 = Release|Any CPU
		{7E18440A-91D4-4612-BA5A-3CB8A09BE238}.Debug|Any CPU.ActiveCfg = Debug|Any CPU
		{7E18440A-91D4-4612-BA5A-3CB8A09BE238}.Debug|Any CPU.Build.0 = Debug|Any CPU
		{7E18440A-91D4-4612-BA5A-3CB8A09BE238}.Debug|x64.ActiveCfg = Debug|Any CPU
		{7E18440A-91D4-4612-BA5A-3CB8A09BE238}.Debug|x64.Build.0 = Debug|Any CPU
		{7E18440A-91D4-4612-BA5A-3CB8A09BE238}.Debug|x86.ActiveCfg = Debug|Any CPU
		{7E18440A-91D4-4612-BA5A-3CB8A09BE238}.Debug|x86.Build.0 = Debug|Any CPU
		{7E18440A-91D4-4612-BA5A-3CB8A09BE238}.Release|Any CPU.ActiveCfg = Release|Any CPU
		{7E18440A-91D4-4612-BA5A-3CB8A09BE238}.Release|Any CPU.Build.0 = Release|Any CPU
		{7E18440A-91D4-4612-BA5A-3CB8A09BE238}.Release|x64.ActiveCfg = Release|Any CPU
		{7E18440A-91D4-4612-BA5A-3CB8A09BE238}.Release|x64.Build.0 = Release|Any CPU
		{7E18440A-91D4-4612-BA5A-3CB8A09BE238}.Release|x86.ActiveCfg = Release|Any CPU
		{7E18440A-91D4-4612-BA5A-3CB8A09BE238}.Release|x86.Build.0 = Release|Any CPU
		{1DDF2140-EACF-454F-8B23-0A64908D3D88}.Debug|Any CPU.ActiveCfg = Debug|Any CPU
		{1DDF2140-EACF-454F-8B23-0A64908D3D88}.Debug|Any CPU.Build.0 = Debug|Any CPU
		{1DDF2140-EACF-454F-8B23-0A64908D3D88}.Debug|x64.ActiveCfg = Debug|Any CPU
		{1DDF2140-EACF-454F-8B23-0A64908D3D88}.Debug|x64.Build.0 = Debug|Any CPU
		{1DDF2140-EACF-454F-8B23-0A64908D3D88}.Debug|x86.ActiveCfg = Debug|Any CPU
		{1DDF2140-EACF-454F-8B23-0A64908D3D88}.Debug|x86.Build.0 = Debug|Any CPU
		{1DDF2140-EACF-454F-8B23-0A64908D3D88}.Release|Any CPU.ActiveCfg = Release|Any CPU
		{1DDF2140-EACF-454F-8B23-0A64908D3D88}.Release|Any CPU.Build.0 = Release|Any CPU
		{1DDF2140-EACF-454F-8B23-0A64908D3D88}.Release|x64.ActiveCfg = Release|Any CPU
		{1DDF2140-EACF-454F-8B23-0A64908D3D88}.Release|x64.Build.0 = Release|Any CPU
		{1DDF2140-EACF-454F-8B23-0A64908D3D88}.Release|x86.ActiveCfg = Release|Any CPU
		{1DDF2140-EACF-454F-8B23-0A64908D3D88}.Release|x86.Build.0 = Release|Any CPU
		{93FA77F9-E56B-4429-9B30-28503BC911DB}.Debug|Any CPU.ActiveCfg = Debug|Any CPU
		{93FA77F9-E56B-4429-9B30-28503BC911DB}.Debug|Any CPU.Build.0 = Debug|Any CPU
		{93FA77F9-E56B-4429-9B30-28503BC911DB}.Debug|x64.ActiveCfg = Debug|Any CPU
		{93FA77F9-E56B-4429-9B30-28503BC911DB}.Debug|x64.Build.0 = Debug|Any CPU
		{93FA77F9-E56B-4429-9B30-28503BC911DB}.Debug|x86.ActiveCfg = Debug|Any CPU
		{93FA77F9-E56B-4429-9B30-28503BC911DB}.Debug|x86.Build.0 = Debug|Any CPU
		{93FA77F9-E56B-4429-9B30-28503BC911DB}.Release|Any CPU.ActiveCfg = Release|Any CPU
		{93FA77F9-E56B-4429-9B30-28503BC911DB}.Release|Any CPU.Build.0 = Release|Any CPU
		{93FA77F9-E56B-4429-9B30-28503BC911DB}.Release|x64.ActiveCfg = Release|Any CPU
		{93FA77F9-E56B-4429-9B30-28503BC911DB}.Release|x64.Build.0 = Release|Any CPU
		{93FA77F9-E56B-4429-9B30-28503BC911DB}.Release|x86.ActiveCfg = Release|Any CPU
		{93FA77F9-E56B-4429-9B30-28503BC911DB}.Release|x86.Build.0 = Release|Any CPU
		{00692F2B-DDB1-4F1E-8D54-F965A7962EF4}.Debug|Any CPU.ActiveCfg = Debug|Any CPU
		{00692F2B-DDB1-4F1E-8D54-F965A7962EF4}.Debug|Any CPU.Build.0 = Debug|Any CPU
		{00692F2B-DDB1-4F1E-8D54-F965A7962EF4}.Debug|x64.ActiveCfg = Debug|Any CPU
		{00692F2B-DDB1-4F1E-8D54-F965A7962EF4}.Debug|x64.Build.0 = Debug|Any CPU
		{00692F2B-DDB1-4F1E-8D54-F965A7962EF4}.Debug|x86.ActiveCfg = Debug|Any CPU
		{00692F2B-DDB1-4F1E-8D54-F965A7962EF4}.Debug|x86.Build.0 = Debug|Any CPU
		{00692F2B-DDB1-4F1E-8D54-F965A7962EF4}.Release|Any CPU.ActiveCfg = Release|Any CPU
		{00692F2B-DDB1-4F1E-8D54-F965A7962EF4}.Release|Any CPU.Build.0 = Release|Any CPU
		{00692F2B-DDB1-4F1E-8D54-F965A7962EF4}.Release|x64.ActiveCfg = Release|Any CPU
		{00692F2B-DDB1-4F1E-8D54-F965A7962EF4}.Release|x64.Build.0 = Release|Any CPU
		{00692F2B-DDB1-4F1E-8D54-F965A7962EF4}.Release|x86.ActiveCfg = Release|Any CPU
		{00692F2B-DDB1-4F1E-8D54-F965A7962EF4}.Release|x86.Build.0 = Release|Any CPU
		{A3F60C15-7FE7-4C64-9BB0-BF2E32F99165}.Debug|Any CPU.ActiveCfg = Debug|Any CPU
		{A3F60C15-7FE7-4C64-9BB0-BF2E32F99165}.Debug|Any CPU.Build.0 = Debug|Any CPU
		{A3F60C15-7FE7-4C64-9BB0-BF2E32F99165}.Debug|x64.ActiveCfg = Debug|Any CPU
		{A3F60C15-7FE7-4C64-9BB0-BF2E32F99165}.Debug|x64.Build.0 = Debug|Any CPU
		{A3F60C15-7FE7-4C64-9BB0-BF2E32F99165}.Debug|x86.ActiveCfg = Debug|Any CPU
		{A3F60C15-7FE7-4C64-9BB0-BF2E32F99165}.Debug|x86.Build.0 = Debug|Any CPU
		{A3F60C15-7FE7-4C64-9BB0-BF2E32F99165}.Release|Any CPU.ActiveCfg = Release|Any CPU
		{A3F60C15-7FE7-4C64-9BB0-BF2E32F99165}.Release|Any CPU.Build.0 = Release|Any CPU
		{A3F60C15-7FE7-4C64-9BB0-BF2E32F99165}.Release|x64.ActiveCfg = Release|Any CPU
		{A3F60C15-7FE7-4C64-9BB0-BF2E32F99165}.Release|x64.Build.0 = Release|Any CPU
		{A3F60C15-7FE7-4C64-9BB0-BF2E32F99165}.Release|x86.ActiveCfg = Release|Any CPU
		{A3F60C15-7FE7-4C64-9BB0-BF2E32F99165}.Release|x86.Build.0 = Release|Any CPU
		{9253BD9B-EA2E-4639-BE91-0AD4B8F2E931}.Debug|Any CPU.ActiveCfg = Debug|Any CPU
		{9253BD9B-EA2E-4639-BE91-0AD4B8F2E931}.Debug|Any CPU.Build.0 = Debug|Any CPU
		{9253BD9B-EA2E-4639-BE91-0AD4B8F2E931}.Debug|x64.ActiveCfg = Debug|Any CPU
		{9253BD9B-EA2E-4639-BE91-0AD4B8F2E931}.Debug|x64.Build.0 = Debug|Any CPU
		{9253BD9B-EA2E-4639-BE91-0AD4B8F2E931}.Debug|x86.ActiveCfg = Debug|Any CPU
		{9253BD9B-EA2E-4639-BE91-0AD4B8F2E931}.Debug|x86.Build.0 = Debug|Any CPU
		{9253BD9B-EA2E-4639-BE91-0AD4B8F2E931}.Release|Any CPU.ActiveCfg = Release|Any CPU
		{9253BD9B-EA2E-4639-BE91-0AD4B8F2E931}.Release|Any CPU.Build.0 = Release|Any CPU
		{9253BD9B-EA2E-4639-BE91-0AD4B8F2E931}.Release|x64.ActiveCfg = Release|Any CPU
		{9253BD9B-EA2E-4639-BE91-0AD4B8F2E931}.Release|x64.Build.0 = Release|Any CPU
		{9253BD9B-EA2E-4639-BE91-0AD4B8F2E931}.Release|x86.ActiveCfg = Release|Any CPU
		{9253BD9B-EA2E-4639-BE91-0AD4B8F2E931}.Release|x86.Build.0 = Release|Any CPU
		{D3FDE56D-3B52-4C03-90B1-9DCECDAC0DA9}.Debug|Any CPU.ActiveCfg = Debug|Any CPU
		{D3FDE56D-3B52-4C03-90B1-9DCECDAC0DA9}.Debug|Any CPU.Build.0 = Debug|Any CPU
		{D3FDE56D-3B52-4C03-90B1-9DCECDAC0DA9}.Debug|x64.ActiveCfg = Debug|Any CPU
		{D3FDE56D-3B52-4C03-90B1-9DCECDAC0DA9}.Debug|x64.Build.0 = Debug|Any CPU
		{D3FDE56D-3B52-4C03-90B1-9DCECDAC0DA9}.Debug|x86.ActiveCfg = Debug|Any CPU
		{D3FDE56D-3B52-4C03-90B1-9DCECDAC0DA9}.Debug|x86.Build.0 = Debug|Any CPU
		{D3FDE56D-3B52-4C03-90B1-9DCECDAC0DA9}.Release|Any CPU.ActiveCfg = Release|Any CPU
		{D3FDE56D-3B52-4C03-90B1-9DCECDAC0DA9}.Release|Any CPU.Build.0 = Release|Any CPU
		{D3FDE56D-3B52-4C03-90B1-9DCECDAC0DA9}.Release|x64.ActiveCfg = Release|Any CPU
		{D3FDE56D-3B52-4C03-90B1-9DCECDAC0DA9}.Release|x64.Build.0 = Release|Any CPU
		{D3FDE56D-3B52-4C03-90B1-9DCECDAC0DA9}.Release|x86.ActiveCfg = Release|Any CPU
		{D3FDE56D-3B52-4C03-90B1-9DCECDAC0DA9}.Release|x86.Build.0 = Release|Any CPU
		{C53DF782-9D99-452D-A088-E8CFF62A8472}.Debug|Any CPU.ActiveCfg = Debug|Any CPU
		{C53DF782-9D99-452D-A088-E8CFF62A8472}.Debug|Any CPU.Build.0 = Debug|Any CPU
		{C53DF782-9D99-452D-A088-E8CFF62A8472}.Debug|x64.ActiveCfg = Debug|Any CPU
		{C53DF782-9D99-452D-A088-E8CFF62A8472}.Debug|x64.Build.0 = Debug|Any CPU
		{C53DF782-9D99-452D-A088-E8CFF62A8472}.Debug|x86.ActiveCfg = Debug|Any CPU
		{C53DF782-9D99-452D-A088-E8CFF62A8472}.Debug|x86.Build.0 = Debug|Any CPU
		{C53DF782-9D99-452D-A088-E8CFF62A8472}.Release|Any CPU.ActiveCfg = Release|Any CPU
		{C53DF782-9D99-452D-A088-E8CFF62A8472}.Release|Any CPU.Build.0 = Release|Any CPU
		{C53DF782-9D99-452D-A088-E8CFF62A8472}.Release|x64.ActiveCfg = Release|Any CPU
		{C53DF782-9D99-452D-A088-E8CFF62A8472}.Release|x64.Build.0 = Release|Any CPU
		{C53DF782-9D99-452D-A088-E8CFF62A8472}.Release|x86.ActiveCfg = Release|Any CPU
		{C53DF782-9D99-452D-A088-E8CFF62A8472}.Release|x86.Build.0 = Release|Any CPU
		{0ED25F81-2750-40B8-A1C2-38E1DB506B87}.Debug|Any CPU.ActiveCfg = Debug|Any CPU
		{0ED25F81-2750-40B8-A1C2-38E1DB506B87}.Debug|Any CPU.Build.0 = Debug|Any CPU
		{0ED25F81-2750-40B8-A1C2-38E1DB506B87}.Debug|x64.ActiveCfg = Debug|Any CPU
		{0ED25F81-2750-40B8-A1C2-38E1DB506B87}.Debug|x64.Build.0 = Debug|Any CPU
		{0ED25F81-2750-40B8-A1C2-38E1DB506B87}.Debug|x86.ActiveCfg = Debug|Any CPU
		{0ED25F81-2750-40B8-A1C2-38E1DB506B87}.Debug|x86.Build.0 = Debug|Any CPU
		{0ED25F81-2750-40B8-A1C2-38E1DB506B87}.Release|Any CPU.ActiveCfg = Release|Any CPU
		{0ED25F81-2750-40B8-A1C2-38E1DB506B87}.Release|Any CPU.Build.0 = Release|Any CPU
		{0ED25F81-2750-40B8-A1C2-38E1DB506B87}.Release|x64.ActiveCfg = Release|Any CPU
		{0ED25F81-2750-40B8-A1C2-38E1DB506B87}.Release|x64.Build.0 = Release|Any CPU
		{0ED25F81-2750-40B8-A1C2-38E1DB506B87}.Release|x86.ActiveCfg = Release|Any CPU
		{0ED25F81-2750-40B8-A1C2-38E1DB506B87}.Release|x86.Build.0 = Release|Any CPU
		{D7F32DA2-9489-4BBE-9173-2214469D818D}.Debug|Any CPU.ActiveCfg = Debug|Any CPU
		{D7F32DA2-9489-4BBE-9173-2214469D818D}.Debug|Any CPU.Build.0 = Debug|Any CPU
		{D7F32DA2-9489-4BBE-9173-2214469D818D}.Debug|x64.ActiveCfg = Debug|Any CPU
		{D7F32DA2-9489-4BBE-9173-2214469D818D}.Debug|x64.Build.0 = Debug|Any CPU
		{D7F32DA2-9489-4BBE-9173-2214469D818D}.Debug|x86.ActiveCfg = Debug|Any CPU
		{D7F32DA2-9489-4BBE-9173-2214469D818D}.Debug|x86.Build.0 = Debug|Any CPU
		{D7F32DA2-9489-4BBE-9173-2214469D818D}.Release|Any CPU.ActiveCfg = Release|Any CPU
		{D7F32DA2-9489-4BBE-9173-2214469D818D}.Release|Any CPU.Build.0 = Release|Any CPU
		{D7F32DA2-9489-4BBE-9173-2214469D818D}.Release|x64.ActiveCfg = Release|Any CPU
		{D7F32DA2-9489-4BBE-9173-2214469D818D}.Release|x64.Build.0 = Release|Any CPU
		{D7F32DA2-9489-4BBE-9173-2214469D818D}.Release|x86.ActiveCfg = Release|Any CPU
		{D7F32DA2-9489-4BBE-9173-2214469D818D}.Release|x86.Build.0 = Release|Any CPU
		{1F077A1B-FCD7-4A2F-8239-C774E0DA4EB0}.Debug|Any CPU.ActiveCfg = Debug|Any CPU
		{1F077A1B-FCD7-4A2F-8239-C774E0DA4EB0}.Debug|Any CPU.Build.0 = Debug|Any CPU
		{1F077A1B-FCD7-4A2F-8239-C774E0DA4EB0}.Debug|x64.ActiveCfg = Debug|Any CPU
		{1F077A1B-FCD7-4A2F-8239-C774E0DA4EB0}.Debug|x64.Build.0 = Debug|Any CPU
		{1F077A1B-FCD7-4A2F-8239-C774E0DA4EB0}.Debug|x86.ActiveCfg = Debug|Any CPU
		{1F077A1B-FCD7-4A2F-8239-C774E0DA4EB0}.Debug|x86.Build.0 = Debug|Any CPU
		{1F077A1B-FCD7-4A2F-8239-C774E0DA4EB0}.Release|Any CPU.ActiveCfg = Release|Any CPU
		{1F077A1B-FCD7-4A2F-8239-C774E0DA4EB0}.Release|Any CPU.Build.0 = Release|Any CPU
		{1F077A1B-FCD7-4A2F-8239-C774E0DA4EB0}.Release|x64.ActiveCfg = Release|Any CPU
		{1F077A1B-FCD7-4A2F-8239-C774E0DA4EB0}.Release|x64.Build.0 = Release|Any CPU
		{1F077A1B-FCD7-4A2F-8239-C774E0DA4EB0}.Release|x86.ActiveCfg = Release|Any CPU
		{1F077A1B-FCD7-4A2F-8239-C774E0DA4EB0}.Release|x86.Build.0 = Release|Any CPU
	EndGlobalSection
	GlobalSection(SolutionProperties) = preSolution
		HideSolutionNode = FALSE
	EndGlobalSection
	GlobalSection(NestedProjects) = preSolution
		{00692F2B-DDB1-4F1E-8D54-F965A7962EF4} = {0AB3BF05-4346-4AA6-1389-037BE0695223}
		{A3F60C15-7FE7-4C64-9BB0-BF2E32F99165} = {0AB3BF05-4346-4AA6-1389-037BE0695223}
		{9253BD9B-EA2E-4639-BE91-0AD4B8F2E931} = {0AB3BF05-4346-4AA6-1389-037BE0695223}
		{D3FDE56D-3B52-4C03-90B1-9DCECDAC0DA9} = {0AB3BF05-4346-4AA6-1389-037BE0695223}
		{C53DF782-9D99-452D-A088-E8CFF62A8472} = {0AB3BF05-4346-4AA6-1389-037BE0695223}
		{1F077A1B-FCD7-4A2F-8239-C774E0DA4EB0} = {0AB3BF05-4346-4AA6-1389-037BE0695223}
	EndGlobalSection
EndGlobal
