
Microsoft Visual Studio Solution File, Format Version 12.00
# Visual Studio Version 17
VisualStudioVersion = 17.0.31903.59
MinimumVisualStudioVersion = 10.0.40219.1
Project("{2150E333-8FDC-42A3-9474-1A3956D46DE8}") = "src", "src", "{3F1DD888-5F29-4C8C-9521-60B49DF30801}"
EndProject
Project("{FAE04EC0-301F-11D3-BF4B-00C04F79EFBC}") = "Whizbang.Core", "src\Whizbang.Core\Whizbang.Core.csproj", "{F379FCD9-E19B-467A-A321-F0CB9C0B6185}"
EndProject
Project("{FAE04EC0-301F-11D3-BF4B-00C04F79EFBC}") = "Whizbang.Generators", "src\Whizbang.Generators\Whizbang.Generators.csproj", "{FCE0F1B8-C252-4E8E-ABDE-9536900440F8}"
EndProject
Project("{2150E333-8FDC-42A3-9474-1A3956D46DE8}") = "tests", "tests", "{FD3F88E6-A708-43A9-9458-9171C8D531DC}"
EndProject
Project("{FAE04EC0-301F-11D3-BF4B-00C04F79EFBC}") = "Whizbang.Core.Tests", "tests\Whizbang.Core.Tests\Whizbang.Core.Tests.csproj", "{6E669BFC-8D38-4616-964F-D7B2179DB577}"
EndProject
Project("{FAE04EC0-301F-11D3-BF4B-00C04F79EFBC}") = "Whizbang.Observability.Tests", "tests\Whizbang.Observability.Tests\Whizbang.Observability.Tests.csproj", "{098402CA-1F4D-437A-A97E-4056F7AE065E}"
EndProject
Project("{FAE04EC0-301F-11D3-BF4B-00C04F79EFBC}") = "Whizbang.Policies.Tests", "tests\Whizbang.Policies.Tests\Whizbang.Policies.Tests.csproj", "{D68209A2-BC2A-44EC-BE56-39B1351082A7}"
EndProject
Project("{FAE04EC0-301F-11D3-BF4B-00C04F79EFBC}") = "Whizbang.Sequencing.Tests", "tests\Whizbang.Sequencing.Tests\Whizbang.Sequencing.Tests.csproj", "{5E3CE65C-EC32-456B-BBF2-1F73A589AB98}"
EndProject
Project("{FAE04EC0-301F-11D3-BF4B-00C04F79EFBC}") = "Whizbang.Partitioning.Tests", "tests\Whizbang.Partitioning.Tests\Whizbang.Partitioning.Tests.csproj", "{06C2B75C-F82D-4F26-BD50-0DF7A3E91A14}"
EndProject
Project("{2150E333-8FDC-42A3-9474-1A3956D46DE8}") = "benchmarks", "benchmarks", "{4264D1A9-166A-40CE-B40E-E139350BD865}"
EndProject
Project("{FAE04EC0-301F-11D3-BF4B-00C04F79EFBC}") = "Whizbang.Benchmarks", "benchmarks\Whizbang.Benchmarks\Whizbang.Benchmarks.csproj", "{EED8080B-3682-4E8A-8C82-0EB321036B47}"
EndProject
Project("{FAE04EC0-301F-11D3-BF4B-00C04F79EFBC}") = "Whizbang.Generators.Tests", "tests\Whizbang.Generators.Tests\Whizbang.Generators.Tests.csproj", "{72CD7617-EC61-4716-9435-F12E3F62222C}"
EndProject
Project("{FAE04EC0-301F-11D3-BF4B-00C04F79EFBC}") = "Whizbang.Execution.Tests", "tests\Whizbang.Execution.Tests\Whizbang.Execution.Tests.csproj", "{7B9EFF15-B286-4084-AFD3-729C936910C7}"
EndProject
Project("{FAE04EC0-301F-11D3-BF4B-00C04F79EFBC}") = "Whizbang.Transports.Tests", "tests\Whizbang.Transports.Tests\Whizbang.Transports.Tests.csproj", "{AAA16643-C2A4-401A-840C-FEAAAA1C540C}"
EndProject
Project("{FAE04EC0-301F-11D3-BF4B-00C04F79EFBC}") = "Whizbang.Data.Dapper.Custom", "src\Whizbang.Data.Dapper.Custom\Whizbang.Data.Dapper.Custom.csproj", "{B33652C1-156C-4E33-AEE6-B265CE082DF2}"
EndProject
Project("{FAE04EC0-301F-11D3-BF4B-00C04F79EFBC}") = "Whizbang.Data.Tests", "tests\Whizbang.Data.Tests\Whizbang.Data.Tests.csproj", "{3048B495-A4C3-4B2F-917D-EF7785E1D616}"
EndProject
Project("{FAE04EC0-301F-11D3-BF4B-00C04F79EFBC}") = "Whizbang.Data.Dapper.Sqlite", "src\Whizbang.Data.Dapper.Sqlite\Whizbang.Data.Dapper.Sqlite.csproj", "{E162233C-54F1-4A08-992E-EFCF02C5D69A}"
EndProject
Project("{FAE04EC0-301F-11D3-BF4B-00C04F79EFBC}") = "Whizbang.Data.Dapper.Postgres", "src\Whizbang.Data.Dapper.Postgres\Whizbang.Data.Dapper.Postgres.csproj", "{1CDCCED4-E506-4153-B45A-A45DC79B70F1}"
EndProject
Project("{FAE04EC0-301F-11D3-BF4B-00C04F79EFBC}") = "Whizbang.Data.Postgres.Tests", "tests\Whizbang.Data.Postgres.Tests\Whizbang.Data.Postgres.Tests.csproj", "{BC15125A-48AC-48E7-B779-A1A9F6757441}"
EndProject
Project("{FAE04EC0-301F-11D3-BF4B-00C04F79EFBC}") = "Whizbang.Transports.AzureServiceBus", "src\Whizbang.Transports.AzureServiceBus\Whizbang.Transports.AzureServiceBus.csproj", "{C6DD0F99-3AE7-495D-A51F-FB6F1E6EBAB8}"
EndProject
Project("{FAE04EC0-301F-11D3-BF4B-00C04F79EFBC}") = "Whizbang.Data.EFCore.Postgres", "src\Whizbang.Data.EFCore.Postgres\Whizbang.Data.EFCore.Postgres.csproj", "{7CFF6C50-9149-4675-A849-A4ECFF3FDD5D}"
EndProject
Project("{FAE04EC0-301F-11D3-BF4B-00C04F79EFBC}") = "Whizbang.Data.EFCore.Postgres.Tests", "tests\Whizbang.Data.EFCore.Postgres.Tests\Whizbang.Data.EFCore.Postgres.Tests.csproj", "{C288457A-84B7-4453-AE24-A84A8E070708}"
EndProject
Global
	GlobalSection(SolutionConfigurationPlatforms) = preSolution
		Debug|Any CPU = Debug|Any CPU
		Debug|x64 = Debug|x64
		Debug|x86 = Debug|x86
		Release|Any CPU = Release|Any CPU
		Release|x64 = Release|x64
		Release|x86 = Release|x86
	EndGlobalSection
	GlobalSection(ProjectConfigurationPlatforms) = postSolution
		{F379FCD9-E19B-467A-A321-F0CB9C0B6185}.Debug|Any CPU.ActiveCfg = Debug|Any CPU
		{F379FCD9-E19B-467A-A321-F0CB9C0B6185}.Debug|Any CPU.Build.0 = Debug|Any CPU
		{F379FCD9-E19B-467A-A321-F0CB9C0B6185}.Debug|x64.ActiveCfg = Debug|Any CPU
		{F379FCD9-E19B-467A-A321-F0CB9C0B6185}.Debug|x64.Build.0 = Debug|Any CPU
		{F379FCD9-E19B-467A-A321-F0CB9C0B6185}.Debug|x86.ActiveCfg = Debug|Any CPU
		{F379FCD9-E19B-467A-A321-F0CB9C0B6185}.Debug|x86.Build.0 = Debug|Any CPU
		{F379FCD9-E19B-467A-A321-F0CB9C0B6185}.Release|Any CPU.ActiveCfg = Release|Any CPU
		{F379FCD9-E19B-467A-A321-F0CB9C0B6185}.Release|Any CPU.Build.0 = Release|Any CPU
		{F379FCD9-E19B-467A-A321-F0CB9C0B6185}.Release|x64.ActiveCfg = Release|Any CPU
		{F379FCD9-E19B-467A-A321-F0CB9C0B6185}.Release|x64.Build.0 = Release|Any CPU
		{F379FCD9-E19B-467A-A321-F0CB9C0B6185}.Release|x86.ActiveCfg = Release|Any CPU
		{F379FCD9-E19B-467A-A321-F0CB9C0B6185}.Release|x86.Build.0 = Release|Any CPU
		{FCE0F1B8-C252-4E8E-ABDE-9536900440F8}.Debug|Any CPU.ActiveCfg = Debug|Any CPU
		{FCE0F1B8-C252-4E8E-ABDE-9536900440F8}.Debug|Any CPU.Build.0 = Debug|Any CPU
		{FCE0F1B8-C252-4E8E-ABDE-9536900440F8}.Debug|x64.ActiveCfg = Debug|Any CPU
		{FCE0F1B8-C252-4E8E-ABDE-9536900440F8}.Debug|x64.Build.0 = Debug|Any CPU
		{FCE0F1B8-C252-4E8E-ABDE-9536900440F8}.Debug|x86.ActiveCfg = Debug|Any CPU
		{FCE0F1B8-C252-4E8E-ABDE-9536900440F8}.Debug|x86.Build.0 = Debug|Any CPU
		{FCE0F1B8-C252-4E8E-ABDE-9536900440F8}.Release|Any CPU.ActiveCfg = Release|Any CPU
		{FCE0F1B8-C252-4E8E-ABDE-9536900440F8}.Release|Any CPU.Build.0 = Release|Any CPU
		{FCE0F1B8-C252-4E8E-ABDE-9536900440F8}.Release|x64.ActiveCfg = Release|Any CPU
		{FCE0F1B8-C252-4E8E-ABDE-9536900440F8}.Release|x64.Build.0 = Release|Any CPU
		{FCE0F1B8-C252-4E8E-ABDE-9536900440F8}.Release|x86.ActiveCfg = Release|Any CPU
		{FCE0F1B8-C252-4E8E-ABDE-9536900440F8}.Release|x86.Build.0 = Release|Any CPU
		{6E669BFC-8D38-4616-964F-D7B2179DB577}.Debug|Any CPU.ActiveCfg = Debug|Any CPU
		{6E669BFC-8D38-4616-964F-D7B2179DB577}.Debug|Any CPU.Build.0 = Debug|Any CPU
		{6E669BFC-8D38-4616-964F-D7B2179DB577}.Debug|x64.ActiveCfg = Debug|Any CPU
		{6E669BFC-8D38-4616-964F-D7B2179DB577}.Debug|x64.Build.0 = Debug|Any CPU
		{6E669BFC-8D38-4616-964F-D7B2179DB577}.Debug|x86.ActiveCfg = Debug|Any CPU
		{6E669BFC-8D38-4616-964F-D7B2179DB577}.Debug|x86.Build.0 = Debug|Any CPU
		{6E669BFC-8D38-4616-964F-D7B2179DB577}.Release|Any CPU.ActiveCfg = Release|Any CPU
		{6E669BFC-8D38-4616-964F-D7B2179DB577}.Release|Any CPU.Build.0 = Release|Any CPU
		{6E669BFC-8D38-4616-964F-D7B2179DB577}.Release|x64.ActiveCfg = Release|Any CPU
		{6E669BFC-8D38-4616-964F-D7B2179DB577}.Release|x64.Build.0 = Release|Any CPU
		{6E669BFC-8D38-4616-964F-D7B2179DB577}.Release|x86.ActiveCfg = Release|Any CPU
		{6E669BFC-8D38-4616-964F-D7B2179DB577}.Release|x86.Build.0 = Release|Any CPU
		{098402CA-1F4D-437A-A97E-4056F7AE065E}.Debug|Any CPU.ActiveCfg = Debug|Any CPU
		{098402CA-1F4D-437A-A97E-4056F7AE065E}.Debug|Any CPU.Build.0 = Debug|Any CPU
		{098402CA-1F4D-437A-A97E-4056F7AE065E}.Debug|x64.ActiveCfg = Debug|Any CPU
		{098402CA-1F4D-437A-A97E-4056F7AE065E}.Debug|x64.Build.0 = Debug|Any CPU
		{098402CA-1F4D-437A-A97E-4056F7AE065E}.Debug|x86.ActiveCfg = Debug|Any CPU
		{098402CA-1F4D-437A-A97E-4056F7AE065E}.Debug|x86.Build.0 = Debug|Any CPU
		{098402CA-1F4D-437A-A97E-4056F7AE065E}.Release|Any CPU.ActiveCfg = Release|Any CPU
		{098402CA-1F4D-437A-A97E-4056F7AE065E}.Release|Any CPU.Build.0 = Release|Any CPU
		{098402CA-1F4D-437A-A97E-4056F7AE065E}.Release|x64.ActiveCfg = Release|Any CPU
		{098402CA-1F4D-437A-A97E-4056F7AE065E}.Release|x64.Build.0 = Release|Any CPU
		{098402CA-1F4D-437A-A97E-4056F7AE065E}.Release|x86.ActiveCfg = Release|Any CPU
		{098402CA-1F4D-437A-A97E-4056F7AE065E}.Release|x86.Build.0 = Release|Any CPU
		{D68209A2-BC2A-44EC-BE56-39B1351082A7}.Debug|Any CPU.ActiveCfg = Debug|Any CPU
		{D68209A2-BC2A-44EC-BE56-39B1351082A7}.Debug|Any CPU.Build.0 = Debug|Any CPU
		{D68209A2-BC2A-44EC-BE56-39B1351082A7}.Debug|x64.ActiveCfg = Debug|Any CPU
		{D68209A2-BC2A-44EC-BE56-39B1351082A7}.Debug|x64.Build.0 = Debug|Any CPU
		{D68209A2-BC2A-44EC-BE56-39B1351082A7}.Debug|x86.ActiveCfg = Debug|Any CPU
		{D68209A2-BC2A-44EC-BE56-39B1351082A7}.Debug|x86.Build.0 = Debug|Any CPU
		{D68209A2-BC2A-44EC-BE56-39B1351082A7}.Release|Any CPU.ActiveCfg = Release|Any CPU
		{D68209A2-BC2A-44EC-BE56-39B1351082A7}.Release|Any CPU.Build.0 = Release|Any CPU
		{D68209A2-BC2A-44EC-BE56-39B1351082A7}.Release|x64.ActiveCfg = Release|Any CPU
		{D68209A2-BC2A-44EC-BE56-39B1351082A7}.Release|x64.Build.0 = Release|Any CPU
		{D68209A2-BC2A-44EC-BE56-39B1351082A7}.Release|x86.ActiveCfg = Release|Any CPU
		{D68209A2-BC2A-44EC-BE56-39B1351082A7}.Release|x86.Build.0 = Release|Any CPU
		{5E3CE65C-EC32-456B-BBF2-1F73A589AB98}.Debug|Any CPU.ActiveCfg = Debug|Any CPU
		{5E3CE65C-EC32-456B-BBF2-1F73A589AB98}.Debug|Any CPU.Build.0 = Debug|Any CPU
		{5E3CE65C-EC32-456B-BBF2-1F73A589AB98}.Debug|x64.ActiveCfg = Debug|Any CPU
		{5E3CE65C-EC32-456B-BBF2-1F73A589AB98}.Debug|x64.Build.0 = Debug|Any CPU
		{5E3CE65C-EC32-456B-BBF2-1F73A589AB98}.Debug|x86.ActiveCfg = Debug|Any CPU
		{5E3CE65C-EC32-456B-BBF2-1F73A589AB98}.Debug|x86.Build.0 = Debug|Any CPU
		{5E3CE65C-EC32-456B-BBF2-1F73A589AB98}.Release|Any CPU.ActiveCfg = Release|Any CPU
		{5E3CE65C-EC32-456B-BBF2-1F73A589AB98}.Release|Any CPU.Build.0 = Release|Any CPU
		{5E3CE65C-EC32-456B-BBF2-1F73A589AB98}.Release|x64.ActiveCfg = Release|Any CPU
		{5E3CE65C-EC32-456B-BBF2-1F73A589AB98}.Release|x64.Build.0 = Release|Any CPU
		{5E3CE65C-EC32-456B-BBF2-1F73A589AB98}.Release|x86.ActiveCfg = Release|Any CPU
		{5E3CE65C-EC32-456B-BBF2-1F73A589AB98}.Release|x86.Build.0 = Release|Any CPU
		{06C2B75C-F82D-4F26-BD50-0DF7A3E91A14}.Debug|Any CPU.ActiveCfg = Debug|Any CPU
		{06C2B75C-F82D-4F26-BD50-0DF7A3E91A14}.Debug|Any CPU.Build.0 = Debug|Any CPU
		{06C2B75C-F82D-4F26-BD50-0DF7A3E91A14}.Debug|x64.ActiveCfg = Debug|Any CPU
		{06C2B75C-F82D-4F26-BD50-0DF7A3E91A14}.Debug|x64.Build.0 = Debug|Any CPU
		{06C2B75C-F82D-4F26-BD50-0DF7A3E91A14}.Debug|x86.ActiveCfg = Debug|Any CPU
		{06C2B75C-F82D-4F26-BD50-0DF7A3E91A14}.Debug|x86.Build.0 = Debug|Any CPU
		{06C2B75C-F82D-4F26-BD50-0DF7A3E91A14}.Release|Any CPU.ActiveCfg = Release|Any CPU
		{06C2B75C-F82D-4F26-BD50-0DF7A3E91A14}.Release|Any CPU.Build.0 = Release|Any CPU
		{06C2B75C-F82D-4F26-BD50-0DF7A3E91A14}.Release|x64.ActiveCfg = Release|Any CPU
		{06C2B75C-F82D-4F26-BD50-0DF7A3E91A14}.Release|x64.Build.0 = Release|Any CPU
		{06C2B75C-F82D-4F26-BD50-0DF7A3E91A14}.Release|x86.ActiveCfg = Release|Any CPU
		{06C2B75C-F82D-4F26-BD50-0DF7A3E91A14}.Release|x86.Build.0 = Release|Any CPU
		{EED8080B-3682-4E8A-8C82-0EB321036B47}.Debug|Any CPU.ActiveCfg = Debug|Any CPU
		{EED8080B-3682-4E8A-8C82-0EB321036B47}.Debug|Any CPU.Build.0 = Debug|Any CPU
		{EED8080B-3682-4E8A-8C82-0EB321036B47}.Debug|x64.ActiveCfg = Debug|Any CPU
		{EED8080B-3682-4E8A-8C82-0EB321036B47}.Debug|x64.Build.0 = Debug|Any CPU
		{EED8080B-3682-4E8A-8C82-0EB321036B47}.Debug|x86.ActiveCfg = Debug|Any CPU
		{EED8080B-3682-4E8A-8C82-0EB321036B47}.Debug|x86.Build.0 = Debug|Any CPU
		{EED8080B-3682-4E8A-8C82-0EB321036B47}.Release|Any CPU.ActiveCfg = Release|Any CPU
		{EED8080B-3682-4E8A-8C82-0EB321036B47}.Release|Any CPU.Build.0 = Release|Any CPU
		{EED8080B-3682-4E8A-8C82-0EB321036B47}.Release|x64.ActiveCfg = Release|Any CPU
		{EED8080B-3682-4E8A-8C82-0EB321036B47}.Release|x64.Build.0 = Release|Any CPU
		{EED8080B-3682-4E8A-8C82-0EB321036B47}.Release|x86.ActiveCfg = Release|Any CPU
		{EED8080B-3682-4E8A-8C82-0EB321036B47}.Release|x86.Build.0 = Release|Any CPU
		{72CD7617-EC61-4716-9435-F12E3F62222C}.Debug|Any CPU.ActiveCfg = Debug|Any CPU
		{72CD7617-EC61-4716-9435-F12E3F62222C}.Debug|Any CPU.Build.0 = Debug|Any CPU
		{72CD7617-EC61-4716-9435-F12E3F62222C}.Debug|x64.ActiveCfg = Debug|Any CPU
		{72CD7617-EC61-4716-9435-F12E3F62222C}.Debug|x64.Build.0 = Debug|Any CPU
		{72CD7617-EC61-4716-9435-F12E3F62222C}.Debug|x86.ActiveCfg = Debug|Any CPU
		{72CD7617-EC61-4716-9435-F12E3F62222C}.Debug|x86.Build.0 = Debug|Any CPU
		{72CD7617-EC61-4716-9435-F12E3F62222C}.Release|Any CPU.ActiveCfg = Release|Any CPU
		{72CD7617-EC61-4716-9435-F12E3F62222C}.Release|Any CPU.Build.0 = Release|Any CPU
		{72CD7617-EC61-4716-9435-F12E3F62222C}.Release|x64.ActiveCfg = Release|Any CPU
		{72CD7617-EC61-4716-9435-F12E3F62222C}.Release|x64.Build.0 = Release|Any CPU
		{72CD7617-EC61-4716-9435-F12E3F62222C}.Release|x86.ActiveCfg = Release|Any CPU
		{72CD7617-EC61-4716-9435-F12E3F62222C}.Release|x86.Build.0 = Release|Any CPU
		{7B9EFF15-B286-4084-AFD3-729C936910C7}.Debug|Any CPU.ActiveCfg = Debug|Any CPU
		{7B9EFF15-B286-4084-AFD3-729C936910C7}.Debug|Any CPU.Build.0 = Debug|Any CPU
		{7B9EFF15-B286-4084-AFD3-729C936910C7}.Debug|x64.ActiveCfg = Debug|Any CPU
		{7B9EFF15-B286-4084-AFD3-729C936910C7}.Debug|x64.Build.0 = Debug|Any CPU
		{7B9EFF15-B286-4084-AFD3-729C936910C7}.Debug|x86.ActiveCfg = Debug|Any CPU
		{7B9EFF15-B286-4084-AFD3-729C936910C7}.Debug|x86.Build.0 = Debug|Any CPU
		{7B9EFF15-B286-4084-AFD3-729C936910C7}.Release|Any CPU.ActiveCfg = Release|Any CPU
		{7B9EFF15-B286-4084-AFD3-729C936910C7}.Release|Any CPU.Build.0 = Release|Any CPU
		{7B9EFF15-B286-4084-AFD3-729C936910C7}.Release|x64.ActiveCfg = Release|Any CPU
		{7B9EFF15-B286-4084-AFD3-729C936910C7}.Release|x64.Build.0 = Release|Any CPU
		{7B9EFF15-B286-4084-AFD3-729C936910C7}.Release|x86.ActiveCfg = Release|Any CPU
		{7B9EFF15-B286-4084-AFD3-729C936910C7}.Release|x86.Build.0 = Release|Any CPU
		{AAA16643-C2A4-401A-840C-FEAAAA1C540C}.Debug|Any CPU.ActiveCfg = Debug|Any CPU
		{AAA16643-C2A4-401A-840C-FEAAAA1C540C}.Debug|Any CPU.Build.0 = Debug|Any CPU
		{AAA16643-C2A4-401A-840C-FEAAAA1C540C}.Debug|x64.ActiveCfg = Debug|Any CPU
		{AAA16643-C2A4-401A-840C-FEAAAA1C540C}.Debug|x64.Build.0 = Debug|Any CPU
		{AAA16643-C2A4-401A-840C-FEAAAA1C540C}.Debug|x86.ActiveCfg = Debug|Any CPU
		{AAA16643-C2A4-401A-840C-FEAAAA1C540C}.Debug|x86.Build.0 = Debug|Any CPU
		{AAA16643-C2A4-401A-840C-FEAAAA1C540C}.Release|Any CPU.ActiveCfg = Release|Any CPU
		{AAA16643-C2A4-401A-840C-FEAAAA1C540C}.Release|Any CPU.Build.0 = Release|Any CPU
		{AAA16643-C2A4-401A-840C-FEAAAA1C540C}.Release|x64.ActiveCfg = Release|Any CPU
		{AAA16643-C2A4-401A-840C-FEAAAA1C540C}.Release|x64.Build.0 = Release|Any CPU
		{AAA16643-C2A4-401A-840C-FEAAAA1C540C}.Release|x86.ActiveCfg = Release|Any CPU
		{AAA16643-C2A4-401A-840C-FEAAAA1C540C}.Release|x86.Build.0 = Release|Any CPU
		{B33652C1-156C-4E33-AEE6-B265CE082DF2}.Debug|Any CPU.ActiveCfg = Debug|Any CPU
		{B33652C1-156C-4E33-AEE6-B265CE082DF2}.Debug|Any CPU.Build.0 = Debug|Any CPU
		{B33652C1-156C-4E33-AEE6-B265CE082DF2}.Debug|x64.ActiveCfg = Debug|Any CPU
		{B33652C1-156C-4E33-AEE6-B265CE082DF2}.Debug|x64.Build.0 = Debug|Any CPU
		{B33652C1-156C-4E33-AEE6-B265CE082DF2}.Debug|x86.ActiveCfg = Debug|Any CPU
		{B33652C1-156C-4E33-AEE6-B265CE082DF2}.Debug|x86.Build.0 = Debug|Any CPU
		{B33652C1-156C-4E33-AEE6-B265CE082DF2}.Release|Any CPU.ActiveCfg = Release|Any CPU
		{B33652C1-156C-4E33-AEE6-B265CE082DF2}.Release|Any CPU.Build.0 = Release|Any CPU
		{B33652C1-156C-4E33-AEE6-B265CE082DF2}.Release|x64.ActiveCfg = Release|Any CPU
		{B33652C1-156C-4E33-AEE6-B265CE082DF2}.Release|x64.Build.0 = Release|Any CPU
		{B33652C1-156C-4E33-AEE6-B265CE082DF2}.Release|x86.ActiveCfg = Release|Any CPU
		{B33652C1-156C-4E33-AEE6-B265CE082DF2}.Release|x86.Build.0 = Release|Any CPU
		{3048B495-A4C3-4B2F-917D-EF7785E1D616}.Debug|Any CPU.ActiveCfg = Debug|Any CPU
		{3048B495-A4C3-4B2F-917D-EF7785E1D616}.Debug|Any CPU.Build.0 = Debug|Any CPU
		{3048B495-A4C3-4B2F-917D-EF7785E1D616}.Debug|x64.ActiveCfg = Debug|Any CPU
		{3048B495-A4C3-4B2F-917D-EF7785E1D616}.Debug|x64.Build.0 = Debug|Any CPU
		{3048B495-A4C3-4B2F-917D-EF7785E1D616}.Debug|x86.ActiveCfg = Debug|Any CPU
		{3048B495-A4C3-4B2F-917D-EF7785E1D616}.Debug|x86.Build.0 = Debug|Any CPU
		{3048B495-A4C3-4B2F-917D-EF7785E1D616}.Release|Any CPU.ActiveCfg = Release|Any CPU
		{3048B495-A4C3-4B2F-917D-EF7785E1D616}.Release|Any CPU.Build.0 = Release|Any CPU
		{3048B495-A4C3-4B2F-917D-EF7785E1D616}.Release|x64.ActiveCfg = Release|Any CPU
		{3048B495-A4C3-4B2F-917D-EF7785E1D616}.Release|x64.Build.0 = Release|Any CPU
		{3048B495-A4C3-4B2F-917D-EF7785E1D616}.Release|x86.ActiveCfg = Release|Any CPU
		{3048B495-A4C3-4B2F-917D-EF7785E1D616}.Release|x86.Build.0 = Release|Any CPU
		{E162233C-54F1-4A08-992E-EFCF02C5D69A}.Debug|Any CPU.ActiveCfg = Debug|Any CPU
		{E162233C-54F1-4A08-992E-EFCF02C5D69A}.Debug|Any CPU.Build.0 = Debug|Any CPU
		{E162233C-54F1-4A08-992E-EFCF02C5D69A}.Debug|x64.ActiveCfg = Debug|Any CPU
		{E162233C-54F1-4A08-992E-EFCF02C5D69A}.Debug|x64.Build.0 = Debug|Any CPU
		{E162233C-54F1-4A08-992E-EFCF02C5D69A}.Debug|x86.ActiveCfg = Debug|Any CPU
		{E162233C-54F1-4A08-992E-EFCF02C5D69A}.Debug|x86.Build.0 = Debug|Any CPU
		{E162233C-54F1-4A08-992E-EFCF02C5D69A}.Release|Any CPU.ActiveCfg = Release|Any CPU
		{E162233C-54F1-4A08-992E-EFCF02C5D69A}.Release|Any CPU.Build.0 = Release|Any CPU
		{E162233C-54F1-4A08-992E-EFCF02C5D69A}.Release|x64.ActiveCfg = Release|Any CPU
		{E162233C-54F1-4A08-992E-EFCF02C5D69A}.Release|x64.Build.0 = Release|Any CPU
		{E162233C-54F1-4A08-992E-EFCF02C5D69A}.Release|x86.ActiveCfg = Release|Any CPU
		{E162233C-54F1-4A08-992E-EFCF02C5D69A}.Release|x86.Build.0 = Release|Any CPU
		{1CDCCED4-E506-4153-B45A-A45DC79B70F1}.Debug|Any CPU.ActiveCfg = Debug|Any CPU
		{1CDCCED4-E506-4153-B45A-A45DC79B70F1}.Debug|Any CPU.Build.0 = Debug|Any CPU
		{1CDCCED4-E506-4153-B45A-A45DC79B70F1}.Debug|x64.ActiveCfg = Debug|Any CPU
		{1CDCCED4-E506-4153-B45A-A45DC79B70F1}.Debug|x64.Build.0 = Debug|Any CPU
		{1CDCCED4-E506-4153-B45A-A45DC79B70F1}.Debug|x86.ActiveCfg = Debug|Any CPU
		{1CDCCED4-E506-4153-B45A-A45DC79B70F1}.Debug|x86.Build.0 = Debug|Any CPU
		{1CDCCED4-E506-4153-B45A-A45DC79B70F1}.Release|Any CPU.ActiveCfg = Release|Any CPU
		{1CDCCED4-E506-4153-B45A-A45DC79B70F1}.Release|Any CPU.Build.0 = Release|Any CPU
		{1CDCCED4-E506-4153-B45A-A45DC79B70F1}.Release|x64.ActiveCfg = Release|Any CPU
		{1CDCCED4-E506-4153-B45A-A45DC79B70F1}.Release|x64.Build.0 = Release|Any CPU
		{1CDCCED4-E506-4153-B45A-A45DC79B70F1}.Release|x86.ActiveCfg = Release|Any CPU
		{1CDCCED4-E506-4153-B45A-A45DC79B70F1}.Release|x86.Build.0 = Release|Any CPU
		{BC15125A-48AC-48E7-B779-A1A9F6757441}.Debug|Any CPU.ActiveCfg = Debug|Any CPU
		{BC15125A-48AC-48E7-B779-A1A9F6757441}.Debug|Any CPU.Build.0 = Debug|Any CPU
		{BC15125A-48AC-48E7-B779-A1A9F6757441}.Debug|x64.ActiveCfg = Debug|Any CPU
		{BC15125A-48AC-48E7-B779-A1A9F6757441}.Debug|x64.Build.0 = Debug|Any CPU
		{BC15125A-48AC-48E7-B779-A1A9F6757441}.Debug|x86.ActiveCfg = Debug|Any CPU
		{BC15125A-48AC-48E7-B779-A1A9F6757441}.Debug|x86.Build.0 = Debug|Any CPU
		{BC15125A-48AC-48E7-B779-A1A9F6757441}.Release|Any CPU.ActiveCfg = Release|Any CPU
		{BC15125A-48AC-48E7-B779-A1A9F6757441}.Release|Any CPU.Build.0 = Release|Any CPU
		{BC15125A-48AC-48E7-B779-A1A9F6757441}.Release|x64.ActiveCfg = Release|Any CPU
		{BC15125A-48AC-48E7-B779-A1A9F6757441}.Release|x64.Build.0 = Release|Any CPU
		{BC15125A-48AC-48E7-B779-A1A9F6757441}.Release|x86.ActiveCfg = Release|Any CPU
		{BC15125A-48AC-48E7-B779-A1A9F6757441}.Release|x86.Build.0 = Release|Any CPU
		{C6DD0F99-3AE7-495D-A51F-FB6F1E6EBAB8}.Debug|Any CPU.ActiveCfg = Debug|Any CPU
		{C6DD0F99-3AE7-495D-A51F-FB6F1E6EBAB8}.Debug|Any CPU.Build.0 = Debug|Any CPU
		{C6DD0F99-3AE7-495D-A51F-FB6F1E6EBAB8}.Debug|x64.ActiveCfg = Debug|Any CPU
		{C6DD0F99-3AE7-495D-A51F-FB6F1E6EBAB8}.Debug|x64.Build.0 = Debug|Any CPU
		{C6DD0F99-3AE7-495D-A51F-FB6F1E6EBAB8}.Debug|x86.ActiveCfg = Debug|Any CPU
		{C6DD0F99-3AE7-495D-A51F-FB6F1E6EBAB8}.Debug|x86.Build.0 = Debug|Any CPU
		{C6DD0F99-3AE7-495D-A51F-FB6F1E6EBAB8}.Release|Any CPU.ActiveCfg = Release|Any CPU
		{C6DD0F99-3AE7-495D-A51F-FB6F1E6EBAB8}.Release|Any CPU.Build.0 = Release|Any CPU
		{C6DD0F99-3AE7-495D-A51F-FB6F1E6EBAB8}.Release|x64.ActiveCfg = Release|Any CPU
		{C6DD0F99-3AE7-495D-A51F-FB6F1E6EBAB8}.Release|x64.Build.0 = Release|Any CPU
		{C6DD0F99-3AE7-495D-A51F-FB6F1E6EBAB8}.Release|x86.ActiveCfg = Release|Any CPU
		{C6DD0F99-3AE7-495D-A51F-FB6F1E6EBAB8}.Release|x86.Build.0 = Release|Any CPU
		{7CFF6C50-9149-4675-A849-A4ECFF3FDD5D}.Debug|Any CPU.ActiveCfg = Debug|Any CPU
		{7CFF6C50-9149-4675-A849-A4ECFF3FDD5D}.Debug|Any CPU.Build.0 = Debug|Any CPU
		{7CFF6C50-9149-4675-A849-A4ECFF3FDD5D}.Debug|x64.ActiveCfg = Debug|Any CPU
		{7CFF6C50-9149-4675-A849-A4ECFF3FDD5D}.Debug|x64.Build.0 = Debug|Any CPU
		{7CFF6C50-9149-4675-A849-A4ECFF3FDD5D}.Debug|x86.ActiveCfg = Debug|Any CPU
		{7CFF6C50-9149-4675-A849-A4ECFF3FDD5D}.Debug|x86.Build.0 = Debug|Any CPU
		{7CFF6C50-9149-4675-A849-A4ECFF3FDD5D}.Release|Any CPU.ActiveCfg = Release|Any CPU
		{7CFF6C50-9149-4675-A849-A4ECFF3FDD5D}.Release|Any CPU.Build.0 = Release|Any CPU
		{7CFF6C50-9149-4675-A849-A4ECFF3FDD5D}.Release|x64.ActiveCfg = Release|Any CPU
		{7CFF6C50-9149-4675-A849-A4ECFF3FDD5D}.Release|x64.Build.0 = Release|Any CPU
		{7CFF6C50-9149-4675-A849-A4ECFF3FDD5D}.Release|x86.ActiveCfg = Release|Any CPU
		{7CFF6C50-9149-4675-A849-A4ECFF3FDD5D}.Release|x86.Build.0 = Release|Any CPU
		{C288457A-84B7-4453-AE24-A84A8E070708}.Debug|Any CPU.ActiveCfg = Debug|Any CPU
		{C288457A-84B7-4453-AE24-A84A8E070708}.Debug|Any CPU.Build.0 = Debug|Any CPU
		{C288457A-84B7-4453-AE24-A84A8E070708}.Debug|x64.ActiveCfg = Debug|Any CPU
		{C288457A-84B7-4453-AE24-A84A8E070708}.Debug|x64.Build.0 = Debug|Any CPU
		{C288457A-84B7-4453-AE24-A84A8E070708}.Debug|x86.ActiveCfg = Debug|Any CPU
		{C288457A-84B7-4453-AE24-A84A8E070708}.Debug|x86.Build.0 = Debug|Any CPU
		{C288457A-84B7-4453-AE24-A84A8E070708}.Release|Any CPU.ActiveCfg = Release|Any CPU
		{C288457A-84B7-4453-AE24-A84A8E070708}.Release|Any CPU.Build.0 = Release|Any CPU
		{C288457A-84B7-4453-AE24-A84A8E070708}.Release|x64.ActiveCfg = Release|Any CPU
		{C288457A-84B7-4453-AE24-A84A8E070708}.Release|x64.Build.0 = Release|Any CPU
		{C288457A-84B7-4453-AE24-A84A8E070708}.Release|x86.ActiveCfg = Release|Any CPU
		{C288457A-84B7-4453-AE24-A84A8E070708}.Release|x86.Build.0 = Release|Any CPU
	EndGlobalSection
	GlobalSection(SolutionProperties) = preSolution
		HideSolutionNode = FALSE
	EndGlobalSection
	GlobalSection(NestedProjects) = preSolution
		{F379FCD9-E19B-467A-A321-F0CB9C0B6185} = {3F1DD888-5F29-4C8C-9521-60B49DF30801}
		{FCE0F1B8-C252-4E8E-ABDE-9536900440F8} = {3F1DD888-5F29-4C8C-9521-60B49DF30801}
		{6E669BFC-8D38-4616-964F-D7B2179DB577} = {FD3F88E6-A708-43A9-9458-9171C8D531DC}
		{098402CA-1F4D-437A-A97E-4056F7AE065E} = {FD3F88E6-A708-43A9-9458-9171C8D531DC}
		{D68209A2-BC2A-44EC-BE56-39B1351082A7} = {FD3F88E6-A708-43A9-9458-9171C8D531DC}
		{5E3CE65C-EC32-456B-BBF2-1F73A589AB98} = {FD3F88E6-A708-43A9-9458-9171C8D531DC}
		{06C2B75C-F82D-4F26-BD50-0DF7A3E91A14} = {FD3F88E6-A708-43A9-9458-9171C8D531DC}
		{EED8080B-3682-4E8A-8C82-0EB321036B47} = {4264D1A9-166A-40CE-B40E-E139350BD865}
		{72CD7617-EC61-4716-9435-F12E3F62222C} = {FD3F88E6-A708-43A9-9458-9171C8D531DC}
		{7B9EFF15-B286-4084-AFD3-729C936910C7} = {FD3F88E6-A708-43A9-9458-9171C8D531DC}
		{AAA16643-C2A4-401A-840C-FEAAAA1C540C} = {FD3F88E6-A708-43A9-9458-9171C8D531DC}
		{B33652C1-156C-4E33-AEE6-B265CE082DF2} = {3F1DD888-5F29-4C8C-9521-60B49DF30801}
		{3048B495-A4C3-4B2F-917D-EF7785E1D616} = {FD3F88E6-A708-43A9-9458-9171C8D531DC}
		{E162233C-54F1-4A08-992E-EFCF02C5D69A} = {3F1DD888-5F29-4C8C-9521-60B49DF30801}
		{1CDCCED4-E506-4153-B45A-A45DC79B70F1} = {3F1DD888-5F29-4C8C-9521-60B49DF30801}
		{BC15125A-48AC-48E7-B779-A1A9F6757441} = {FD3F88E6-A708-43A9-9458-9171C8D531DC}
		{C6DD0F99-3AE7-495D-A51F-FB6F1E6EBAB8} = {3F1DD888-5F29-4C8C-9521-60B49DF30801}
		{7CFF6C50-9149-4675-A849-A4ECFF3FDD5D} = {3F1DD888-5F29-4C8C-9521-60B49DF30801}
		{C288457A-84B7-4453-AE24-A84A8E070708} = {FD3F88E6-A708-43A9-9458-9171C8D531DC}
	EndGlobalSection
EndGlobal
