
Microsoft Visual Studio Solution File, Format Version 12.00
# Visual Studio Version 17
VisualStudioVersion = 17.0.31903.59
MinimumVisualStudioVersion = 10.0.40219.1
Project("{2150E333-8FDC-42A3-9474-1A3956D46DE8}") = "src", "src", "{3F1DD888-5F29-4C8C-9521-60B49DF30801}"
EndProject
Project("{FAE04EC0-301F-11D3-BF4B-00C04F79EFBC}") = "Whizbang.Core", "src\Whizbang.Core\Whizbang.Core.csproj", "{F379FCD9-E19B-467A-A321-F0CB9C0B6185}"
EndProject
Project("{FAE04EC0-301F-11D3-BF4B-00C04F79EFBC}") = "Whizbang.Generators", "src\Whizbang.Generators\Whizbang.Generators.csproj", "{FCE0F1B8-C252-4E8E-ABDE-9536900440F8}"
EndProject
Project("{2150E333-8FDC-42A3-9474-1A3956D46DE8}") = "tests", "tests", "{FD3F88E6-A708-43A9-9458-9171C8D531DC}"
EndProject
Project("{FAE04EC0-301F-11D3-BF4B-00C04F79EFBC}") = "Whizbang.Core.Tests", "tests\Whizbang.Core.Tests\Whizbang.Core.Tests.csproj", "{6E669BFC-8D38-4616-964F-D7B2179DB577}"
EndProject
Project("{FAE04EC0-301F-11D3-BF4B-00C04F79EFBC}") = "Whizbang.Observability.Tests", "tests\Whizbang.Observability.Tests\Whizbang.Observability.Tests.csproj", "{098402CA-1F4D-437A-A97E-4056F7AE065E}"
EndProject
Project("{FAE04EC0-301F-11D3-BF4B-00C04F79EFBC}") = "Whizbang.Policies.Tests", "tests\Whizbang.Policies.Tests\Whizbang.Policies.Tests.csproj", "{D68209A2-BC2A-44EC-BE56-39B1351082A7}"
EndProject
Project("{FAE04EC0-301F-11D3-BF4B-00C04F79EFBC}") = "Whizbang.Sequencing.Tests", "tests\Whizbang.Sequencing.Tests\Whizbang.Sequencing.Tests.csproj", "{5E3CE65C-EC32-456B-BBF2-1F73A589AB98}"
EndProject
Project("{FAE04EC0-301F-11D3-BF4B-00C04F79EFBC}") = "Whizbang.Partitioning.Tests", "tests\Whizbang.Partitioning.Tests\Whizbang.Partitioning.Tests.csproj", "{06C2B75C-F82D-4F26-BD50-0DF7A3E91A14}"
EndProject
Global
	GlobalSection(SolutionConfigurationPlatforms) = preSolution
		Debug|Any CPU = Debug|Any CPU
		Release|Any CPU = Release|Any CPU
	EndGlobalSection
	GlobalSection(SolutionProperties) = preSolution
		HideSolutionNode = FALSE
	EndGlobalSection
	GlobalSection(ProjectConfigurationPlatforms) = postSolution
		{F379FCD9-E19B-467A-A321-F0CB9C0B6185}.Debug|Any CPU.ActiveCfg = Debug|Any CPU
		{F379FCD9-E19B-467A-A321-F0CB9C0B6185}.Debug|Any CPU.Build.0 = Debug|Any CPU
		{F379FCD9-E19B-467A-A321-F0CB9C0B6185}.Release|Any CPU.ActiveCfg = Release|Any CPU
		{F379FCD9-E19B-467A-A321-F0CB9C0B6185}.Release|Any CPU.Build.0 = Release|Any CPU
		{FCE0F1B8-C252-4E8E-ABDE-9536900440F8}.Debug|Any CPU.ActiveCfg = Debug|Any CPU
		{FCE0F1B8-C252-4E8E-ABDE-9536900440F8}.Debug|Any CPU.Build.0 = Debug|Any CPU
		{FCE0F1B8-C252-4E8E-ABDE-9536900440F8}.Release|Any CPU.ActiveCfg = Release|Any CPU
		{FCE0F1B8-C252-4E8E-ABDE-9536900440F8}.Release|Any CPU.Build.0 = Release|Any CPU
		{6E669BFC-8D38-4616-964F-D7B2179DB577}.Debug|Any CPU.ActiveCfg = Debug|Any CPU
		{6E669BFC-8D38-4616-964F-D7B2179DB577}.Debug|Any CPU.Build.0 = Debug|Any CPU
		{6E669BFC-8D38-4616-964F-D7B2179DB577}.Release|Any CPU.ActiveCfg = Release|Any CPU
		{6E669BFC-8D38-4616-964F-D7B2179DB577}.Release|Any CPU.Build.0 = Release|Any CPU
		{098402CA-1F4D-437A-A97E-4056F7AE065E}.Debug|Any CPU.ActiveCfg = Debug|Any CPU
		{098402CA-1F4D-437A-A97E-4056F7AE065E}.Debug|Any CPU.Build.0 = Debug|Any CPU
		{098402CA-1F4D-437A-A97E-4056F7AE065E}.Release|Any CPU.ActiveCfg = Release|Any CPU
		{098402CA-1F4D-437A-A97E-4056F7AE065E}.Release|Any CPU.Build.0 = Release|Any CPU
		{D68209A2-BC2A-44EC-BE56-39B1351082A7}.Debug|Any CPU.ActiveCfg = Debug|Any CPU
		{D68209A2-BC2A-44EC-BE56-39B1351082A7}.Debug|Any CPU.Build.0 = Debug|Any CPU
		{D68209A2-BC2A-44EC-BE56-39B1351082A7}.Release|Any CPU.ActiveCfg = Release|Any CPU
		{D68209A2-BC2A-44EC-BE56-39B1351082A7}.Release|Any CPU.Build.0 = Release|Any CPU
		{5E3CE65C-EC32-456B-BBF2-1F73A589AB98}.Debug|Any CPU.ActiveCfg = Debug|Any CPU
		{5E3CE65C-EC32-456B-BBF2-1F73A589AB98}.Debug|Any CPU.Build.0 = Debug|Any CPU
		{5E3CE65C-EC32-456B-BBF2-1F73A589AB98}.Release|Any CPU.ActiveCfg = Release|Any CPU
		{5E3CE65C-EC32-456B-BBF2-1F73A589AB98}.Release|Any CPU.Build.0 = Release|Any CPU
		{06C2B75C-F82D-4F26-BD50-0DF7A3E91A14}.Debug|Any CPU.ActiveCfg = Debug|Any CPU
		{06C2B75C-F82D-4F26-BD50-0DF7A3E91A14}.Debug|Any CPU.Build.0 = Debug|Any CPU
		{06C2B75C-F82D-4F26-BD50-0DF7A3E91A14}.Release|Any CPU.ActiveCfg = Release|Any CPU
		{06C2B75C-F82D-4F26-BD50-0DF7A3E91A14}.Release|Any CPU.Build.0 = Release|Any CPU
	EndGlobalSection
	GlobalSection(NestedProjects) = preSolution
		{F379FCD9-E19B-467A-A321-F0CB9C0B6185} = {3F1DD888-5F29-4C8C-9521-60B49DF30801}
		{FCE0F1B8-C252-4E8E-ABDE-9536900440F8} = {3F1DD888-5F29-4C8C-9521-60B49DF30801}
		{6E669BFC-8D38-4616-964F-D7B2179DB577} = {FD3F88E6-A708-43A9-9458-9171C8D531DC}
		{098402CA-1F4D-437A-A97E-4056F7AE065E} = {FD3F88E6-A708-43A9-9458-9171C8D531DC}
		{D68209A2-BC2A-44EC-BE56-39B1351082A7} = {FD3F88E6-A708-43A9-9458-9171C8D531DC}
		{5E3CE65C-EC32-456B-BBF2-1F73A589AB98} = {FD3F88E6-A708-43A9-9458-9171C8D531DC}
		{06C2B75C-F82D-4F26-BD50-0DF7A3E91A14} = {FD3F88E6-A708-43A9-9458-9171C8D531DC}
	EndGlobalSection
EndGlobal
