
Microsoft Visual Studio Solution File, Format Version 12.00
# Visual Studio Version 17
VisualStudioVersion = 17.0.31903.59
MinimumVisualStudioVersion = 10.0.40219.1
Project("{2150E333-8FDC-42A3-9474-1A3956D46DE8}") = "src", "src", "{3F1DD888-5F29-4C8C-9521-60B49DF30801}"
EndProject
Project("{FAE04EC0-301F-11D3-BF4B-00C04F79EFBC}") = "Whizbang.Core", "src\Whizbang.Core\Whizbang.Core.csproj", "{F379FCD9-E19B-467A-A321-F0CB9C0B6185}"
EndProject
Project("{FAE04EC0-301F-11D3-BF4B-00C04F79EFBC}") = "Whizbang.Generators", "src\Whizbang.Generators\Whizbang.Generators.csproj", "{FCE0F1B8-C252-4E8E-ABDE-9536900440F8}"
EndProject
Project("{2150E333-8FDC-42A3-9474-1A3956D46DE8}") = "tests", "tests", "{FD3F88E6-A708-43A9-9458-9171C8D531DC}"
EndProject
Project("{FAE04EC0-301F-11D3-BF4B-00C04F79EFBC}") = "Whizbang.Core.Tests", "tests\Whizbang.Core.Tests\Whizbang.Core.Tests.csproj", "{6E669BFC-8D38-4616-964F-D7B2179DB577}"
EndProject
Project("{FAE04EC0-301F-11D3-BF4B-00C04F79EFBC}") = "Whizbang.Observability.Tests", "tests\Whizbang.Observability.Tests\Whizbang.Observability.Tests.csproj", "{098402CA-1F4D-437A-A97E-4056F7AE065E}"
EndProject
Project("{FAE04EC0-301F-11D3-BF4B-00C04F79EFBC}") = "Whizbang.Policies.Tests", "tests\Whizbang.Policies.Tests\Whizbang.Policies.Tests.csproj", "{D68209A2-BC2A-44EC-BE56-39B1351082A7}"
EndProject
Project("{FAE04EC0-301F-11D3-BF4B-00C04F79EFBC}") = "Whizbang.Sequencing.Tests", "tests\Whizbang.Sequencing.Tests\Whizbang.Sequencing.Tests.csproj", "{5E3CE65C-EC32-456B-BBF2-1F73A589AB98}"
EndProject
Project("{FAE04EC0-301F-11D3-BF4B-00C04F79EFBC}") = "Whizbang.Partitioning.Tests", "tests\Whizbang.Partitioning.Tests\Whizbang.Partitioning.Tests.csproj", "{06C2B75C-F82D-4F26-BD50-0DF7A3E91A14}"
EndProject
Project("{2150E333-8FDC-42A3-9474-1A3956D46DE8}") = "benchmarks", "benchmarks", "{4264D1A9-166A-40CE-B40E-E139350BD865}"
EndProject
Project("{FAE04EC0-301F-11D3-BF4B-00C04F79EFBC}") = "Whizbang.Benchmarks", "benchmarks\Whizbang.Benchmarks\Whizbang.Benchmarks.csproj", "{EED8080B-3682-4E8A-8C82-0EB321036B47}"
EndProject
Project("{FAE04EC0-301F-11D3-BF4B-00C04F79EFBC}") = "Whizbang.Generators.Tests", "tests\Whizbang.Generators.Tests\Whizbang.Generators.Tests.csproj", "{72CD7617-EC61-4716-9435-F12E3F62222C}"
EndProject
Project("{FAE04EC0-301F-11D3-BF4B-00C04F79EFBC}") = "Whizbang.Execution.Tests", "tests\Whizbang.Execution.Tests\Whizbang.Execution.Tests.csproj", "{7B9EFF15-B286-4084-AFD3-729C936910C7}"
EndProject
Project("{FAE04EC0-301F-11D3-BF4B-00C04F79EFBC}") = "Whizbang.Transports.Tests", "tests\Whizbang.Transports.Tests\Whizbang.Transports.Tests.csproj", "{AAA16643-C2A4-401A-840C-FEAAAA1C540C}"
EndProject
Project("{FAE04EC0-301F-11D3-BF4B-00C04F79EFBC}") = "Whizbang.Data.Dapper.Custom", "src\Whizbang.Data.Dapper.Custom\Whizbang.Data.Dapper.Custom.csproj", "{B33652C1-156C-4E33-AEE6-B265CE082DF2}"
EndProject
Project("{FAE04EC0-301F-11D3-BF4B-00C04F79EFBC}") = "Whizbang.Data.Tests", "tests\Whizbang.Data.Tests\Whizbang.Data.Tests.csproj", "{3048B495-A4C3-4B2F-917D-EF7785E1D616}"
EndProject
Project("{FAE04EC0-301F-11D3-BF4B-00C04F79EFBC}") = "Whizbang.Data.Dapper.Sqlite", "src\Whizbang.Data.Dapper.Sqlite\Whizbang.Data.Dapper.Sqlite.csproj", "{E162233C-54F1-4A08-992E-EFCF02C5D69A}"
EndProject
Project("{FAE04EC0-301F-11D3-BF4B-00C04F79EFBC}") = "Whizbang.Data.Dapper.Postgres", "src\Whizbang.Data.Dapper.Postgres\Whizbang.Data.Dapper.Postgres.csproj", "{1CDCCED4-E506-4153-B45A-A45DC79B70F1}"
EndProject
Project("{FAE04EC0-301F-11D3-BF4B-00C04F79EFBC}") = "Whizbang.Data.Postgres.Tests", "tests\Whizbang.Data.Postgres.Tests\Whizbang.Data.Postgres.Tests.csproj", "{BC15125A-48AC-48E7-B779-A1A9F6757441}"
EndProject
Project("{FAE04EC0-301F-11D3-BF4B-00C04F79EFBC}") = "Whizbang.Transports.AzureServiceBus", "src\Whizbang.Transports.AzureServiceBus\Whizbang.Transports.AzureServiceBus.csproj", "{C6DD0F99-3AE7-495D-A51F-FB6F1E6EBAB8}"
EndProject
Project("{2150E333-8FDC-42A3-9474-1A3956D46DE8}") = "samples", "samples", "{5D20AA90-6969-D8BD-9DCD-8634F4692FDA}"
EndProject
Project("{2150E333-8FDC-42A3-9474-1A3956D46DE8}") = "ECommerce", "ECommerce", "{3932A619-6D25-FE18-7246-935A58BDFE61}"
EndProject
Project("{FAE04EC0-301F-11D3-BF4B-00C04F79EFBC}") = "ECommerce.AppHost", "samples\ECommerce\ECommerce.AppHost\ECommerce.AppHost.csproj", "{298FBD10-0FB5-49CD-AC6F-F53850F2C706}"
EndProject
Project("{FAE04EC0-301F-11D3-BF4B-00C04F79EFBC}") = "ECommerce.OrderService.API", "samples\ECommerce\ECommerce.OrderService.API\ECommerce.OrderService.API.csproj", "{010BD1A9-1F61-45B2-A2A5-2E1D911BD36B}"
EndProject
Project("{FAE04EC0-301F-11D3-BF4B-00C04F79EFBC}") = "ECommerce.Contracts", "samples\ECommerce\ECommerce.Contracts\ECommerce.Contracts.csproj", "{95A91D94-78B3-4A17-A369-2E0CE852E5F9}"
EndProject
Project("{FAE04EC0-301F-11D3-BF4B-00C04F79EFBC}") = "ECommerce.ServiceDefaults", "samples\ECommerce\ECommerce.ServiceDefaults\ECommerce.ServiceDefaults.csproj", "{10AEFFDB-BEFF-45C9-8493-53440E984773}"
EndProject
Project("{FAE04EC0-301F-11D3-BF4B-00C04F79EFBC}") = "ECommerce.InventoryWorker", "samples\ECommerce\ECommerce.InventoryWorker\ECommerce.InventoryWorker.csproj", "{99293040-0D23-4829-9B71-6349564B067C}"
EndProject
Project("{FAE04EC0-301F-11D3-BF4B-00C04F79EFBC}") = "ECommerce.NotificationWorker", "samples\ECommerce\ECommerce.NotificationWorker\ECommerce.NotificationWorker.csproj", "{52FF92C6-AD6D-4767-8F3B-58F092C3047E}"
EndProject
Project("{FAE04EC0-301F-11D3-BF4B-00C04F79EFBC}") = "ECommerce.PaymentWorker", "samples\ECommerce\ECommerce.PaymentWorker\ECommerce.PaymentWorker.csproj", "{4F7906C3-5420-47FF-B539-F64ED56D9B80}"
EndProject
Project("{FAE04EC0-301F-11D3-BF4B-00C04F79EFBC}") = "ECommerce.ShippingWorker", "samples\ECommerce\ECommerce.ShippingWorker\ECommerce.ShippingWorker.csproj", "{79606D73-DFFF-442E-B9E1-0E8BD441713D}"
EndProject
Project("{FAE04EC0-301F-11D3-BF4B-00C04F79EFBC}") = "ECommerce.BFF.API", "samples\ECommerce\ECommerce.BFF.API\ECommerce.BFF.API.csproj", "{10D2F9BB-D4BB-40BB-B550-6CDD50356B76}"
EndProject
Project("{FAE04EC0-301F-11D3-BF4B-00C04F79EFBC}") = "ECommerce.IntegrationTests", "samples\ECommerce\ECommerce.IntegrationTests\ECommerce.IntegrationTests.csproj", "{0E0B0A79-C6F6-4E69-8181-BB2DA470B9BB}"
EndProject
Project("{2150E333-8FDC-42A3-9474-1A3956D46DE8}") = "tests", "tests", "{A814904A-6680-1EFA-008D-61734E915ACB}"
EndProject
Project("{FAE04EC0-301F-11D3-BF4B-00C04F79EFBC}") = "ECommerce.BFF.API.Tests", "samples\ECommerce\tests\ECommerce.BFF.API.Tests\ECommerce.BFF.API.Tests.csproj", "{77A48AB2-6E73-4D72-B13E-448768B7E8BB}"
EndProject
Project("{FAE04EC0-301F-11D3-BF4B-00C04F79EFBC}") = "ECommerce.InventoryWorker.Tests", "samples\ECommerce\tests\ECommerce.InventoryWorker.Tests\ECommerce.InventoryWorker.Tests.csproj", "{346D36D9-7AB9-445E-936D-EC0C2F747BFB}"
EndProject
Project("{FAE04EC0-301F-11D3-BF4B-00C04F79EFBC}") = "ECommerce.NotificationWorker.Tests", "samples\ECommerce\tests\ECommerce.NotificationWorker.Tests\ECommerce.NotificationWorker.Tests.csproj", "{9B1A5C25-E5E7-4D4D-9054-8B9E996038AC}"
EndProject
Project("{FAE04EC0-301F-11D3-BF4B-00C04F79EFBC}") = "ECommerce.OrderService.Tests", "samples\ECommerce\tests\ECommerce.OrderService.Tests\ECommerce.OrderService.Tests.csproj", "{22B775C2-630A-479F-82F8-717877F6B8CB}"
EndProject
Project("{FAE04EC0-301F-11D3-BF4B-00C04F79EFBC}") = "ECommerce.PaymentWorker.Tests", "samples\ECommerce\tests\ECommerce.PaymentWorker.Tests\ECommerce.PaymentWorker.Tests.csproj", "{88729C47-477A-405A-9EE2-562B46B8AB52}"
EndProject
Project("{FAE04EC0-301F-11D3-BF4B-00C04F79EFBC}") = "ECommerce.ShippingWorker.Tests", "samples\ECommerce\tests\ECommerce.ShippingWorker.Tests\ECommerce.ShippingWorker.Tests.csproj", "{374989F5-476A-4DD1-8EAA-1F91F93BDE51}"
EndProject
Global
	GlobalSection(SolutionConfigurationPlatforms) = preSolution
		Debug|Any CPU = Debug|Any CPU
		Debug|x64 = Debug|x64
		Debug|x86 = Debug|x86
		Release|Any CPU = Release|Any CPU
		Release|x64 = Release|x64
		Release|x86 = Release|x86
	EndGlobalSection
	GlobalSection(ProjectConfigurationPlatforms) = postSolution
		{F379FCD9-E19B-467A-A321-F0CB9C0B6185}.Debug|Any CPU.ActiveCfg = Debug|Any CPU
		{F379FCD9-E19B-467A-A321-F0CB9C0B6185}.Debug|Any CPU.Build.0 = Debug|Any CPU
		{F379FCD9-E19B-467A-A321-F0CB9C0B6185}.Debug|x64.ActiveCfg = Debug|Any CPU
		{F379FCD9-E19B-467A-A321-F0CB9C0B6185}.Debug|x64.Build.0 = Debug|Any CPU
		{F379FCD9-E19B-467A-A321-F0CB9C0B6185}.Debug|x86.ActiveCfg = Debug|Any CPU
		{F379FCD9-E19B-467A-A321-F0CB9C0B6185}.Debug|x86.Build.0 = Debug|Any CPU
		{F379FCD9-E19B-467A-A321-F0CB9C0B6185}.Release|Any CPU.ActiveCfg = Release|Any CPU
		{F379FCD9-E19B-467A-A321-F0CB9C0B6185}.Release|Any CPU.Build.0 = Release|Any CPU
		{F379FCD9-E19B-467A-A321-F0CB9C0B6185}.Release|x64.ActiveCfg = Release|Any CPU
		{F379FCD9-E19B-467A-A321-F0CB9C0B6185}.Release|x64.Build.0 = Release|Any CPU
		{F379FCD9-E19B-467A-A321-F0CB9C0B6185}.Release|x86.ActiveCfg = Release|Any CPU
		{F379FCD9-E19B-467A-A321-F0CB9C0B6185}.Release|x86.Build.0 = Release|Any CPU
		{FCE0F1B8-C252-4E8E-ABDE-9536900440F8}.Debug|Any CPU.ActiveCfg = Debug|Any CPU
		{FCE0F1B8-C252-4E8E-ABDE-9536900440F8}.Debug|Any CPU.Build.0 = Debug|Any CPU
		{FCE0F1B8-C252-4E8E-ABDE-9536900440F8}.Debug|x64.ActiveCfg = Debug|Any CPU
		{FCE0F1B8-C252-4E8E-ABDE-9536900440F8}.Debug|x64.Build.0 = Debug|Any CPU
		{FCE0F1B8-C252-4E8E-ABDE-9536900440F8}.Debug|x86.ActiveCfg = Debug|Any CPU
		{FCE0F1B8-C252-4E8E-ABDE-9536900440F8}.Debug|x86.Build.0 = Debug|Any CPU
		{FCE0F1B8-C252-4E8E-ABDE-9536900440F8}.Release|Any CPU.ActiveCfg = Release|Any CPU
		{FCE0F1B8-C252-4E8E-ABDE-9536900440F8}.Release|Any CPU.Build.0 = Release|Any CPU
		{FCE0F1B8-C252-4E8E-ABDE-9536900440F8}.Release|x64.ActiveCfg = Release|Any CPU
		{FCE0F1B8-C252-4E8E-ABDE-9536900440F8}.Release|x64.Build.0 = Release|Any CPU
		{FCE0F1B8-C252-4E8E-ABDE-9536900440F8}.Release|x86.ActiveCfg = Release|Any CPU
		{FCE0F1B8-C252-4E8E-ABDE-9536900440F8}.Release|x86.Build.0 = Release|Any CPU
		{6E669BFC-8D38-4616-964F-D7B2179DB577}.Debug|Any CPU.ActiveCfg = Debug|Any CPU
		{6E669BFC-8D38-4616-964F-D7B2179DB577}.Debug|Any CPU.Build.0 = Debug|Any CPU
		{6E669BFC-8D38-4616-964F-D7B2179DB577}.Debug|x64.ActiveCfg = Debug|Any CPU
		{6E669BFC-8D38-4616-964F-D7B2179DB577}.Debug|x64.Build.0 = Debug|Any CPU
		{6E669BFC-8D38-4616-964F-D7B2179DB577}.Debug|x86.ActiveCfg = Debug|Any CPU
		{6E669BFC-8D38-4616-964F-D7B2179DB577}.Debug|x86.Build.0 = Debug|Any CPU
		{6E669BFC-8D38-4616-964F-D7B2179DB577}.Release|Any CPU.ActiveCfg = Release|Any CPU
		{6E669BFC-8D38-4616-964F-D7B2179DB577}.Release|Any CPU.Build.0 = Release|Any CPU
		{6E669BFC-8D38-4616-964F-D7B2179DB577}.Release|x64.ActiveCfg = Release|Any CPU
		{6E669BFC-8D38-4616-964F-D7B2179DB577}.Release|x64.Build.0 = Release|Any CPU
		{6E669BFC-8D38-4616-964F-D7B2179DB577}.Release|x86.ActiveCfg = Release|Any CPU
		{6E669BFC-8D38-4616-964F-D7B2179DB577}.Release|x86.Build.0 = Release|Any CPU
		{098402CA-1F4D-437A-A97E-4056F7AE065E}.Debug|Any CPU.ActiveCfg = Debug|Any CPU
		{098402CA-1F4D-437A-A97E-4056F7AE065E}.Debug|Any CPU.Build.0 = Debug|Any CPU
		{098402CA-1F4D-437A-A97E-4056F7AE065E}.Debug|x64.ActiveCfg = Debug|Any CPU
		{098402CA-1F4D-437A-A97E-4056F7AE065E}.Debug|x64.Build.0 = Debug|Any CPU
		{098402CA-1F4D-437A-A97E-4056F7AE065E}.Debug|x86.ActiveCfg = Debug|Any CPU
		{098402CA-1F4D-437A-A97E-4056F7AE065E}.Debug|x86.Build.0 = Debug|Any CPU
		{098402CA-1F4D-437A-A97E-4056F7AE065E}.Release|Any CPU.ActiveCfg = Release|Any CPU
		{098402CA-1F4D-437A-A97E-4056F7AE065E}.Release|Any CPU.Build.0 = Release|Any CPU
		{098402CA-1F4D-437A-A97E-4056F7AE065E}.Release|x64.ActiveCfg = Release|Any CPU
		{098402CA-1F4D-437A-A97E-4056F7AE065E}.Release|x64.Build.0 = Release|Any CPU
		{098402CA-1F4D-437A-A97E-4056F7AE065E}.Release|x86.ActiveCfg = Release|Any CPU
		{098402CA-1F4D-437A-A97E-4056F7AE065E}.Release|x86.Build.0 = Release|Any CPU
		{D68209A2-BC2A-44EC-BE56-39B1351082A7}.Debug|Any CPU.ActiveCfg = Debug|Any CPU
		{D68209A2-BC2A-44EC-BE56-39B1351082A7}.Debug|Any CPU.Build.0 = Debug|Any CPU
		{D68209A2-BC2A-44EC-BE56-39B1351082A7}.Debug|x64.ActiveCfg = Debug|Any CPU
		{D68209A2-BC2A-44EC-BE56-39B1351082A7}.Debug|x64.Build.0 = Debug|Any CPU
		{D68209A2-BC2A-44EC-BE56-39B1351082A7}.Debug|x86.ActiveCfg = Debug|Any CPU
		{D68209A2-BC2A-44EC-BE56-39B1351082A7}.Debug|x86.Build.0 = Debug|Any CPU
		{D68209A2-BC2A-44EC-BE56-39B1351082A7}.Release|Any CPU.ActiveCfg = Release|Any CPU
		{D68209A2-BC2A-44EC-BE56-39B1351082A7}.Release|Any CPU.Build.0 = Release|Any CPU
		{D68209A2-BC2A-44EC-BE56-39B1351082A7}.Release|x64.ActiveCfg = Release|Any CPU
		{D68209A2-BC2A-44EC-BE56-39B1351082A7}.Release|x64.Build.0 = Release|Any CPU
		{D68209A2-BC2A-44EC-BE56-39B1351082A7}.Release|x86.ActiveCfg = Release|Any CPU
		{D68209A2-BC2A-44EC-BE56-39B1351082A7}.Release|x86.Build.0 = Release|Any CPU
		{5E3CE65C-EC32-456B-BBF2-1F73A589AB98}.Debug|Any CPU.ActiveCfg = Debug|Any CPU
		{5E3CE65C-EC32-456B-BBF2-1F73A589AB98}.Debug|Any CPU.Build.0 = Debug|Any CPU
		{5E3CE65C-EC32-456B-BBF2-1F73A589AB98}.Debug|x64.ActiveCfg = Debug|Any CPU
		{5E3CE65C-EC32-456B-BBF2-1F73A589AB98}.Debug|x64.Build.0 = Debug|Any CPU
		{5E3CE65C-EC32-456B-BBF2-1F73A589AB98}.Debug|x86.ActiveCfg = Debug|Any CPU
		{5E3CE65C-EC32-456B-BBF2-1F73A589AB98}.Debug|x86.Build.0 = Debug|Any CPU
		{5E3CE65C-EC32-456B-BBF2-1F73A589AB98}.Release|Any CPU.ActiveCfg = Release|Any CPU
		{5E3CE65C-EC32-456B-BBF2-1F73A589AB98}.Release|Any CPU.Build.0 = Release|Any CPU
		{5E3CE65C-EC32-456B-BBF2-1F73A589AB98}.Release|x64.ActiveCfg = Release|Any CPU
		{5E3CE65C-EC32-456B-BBF2-1F73A589AB98}.Release|x64.Build.0 = Release|Any CPU
		{5E3CE65C-EC32-456B-BBF2-1F73A589AB98}.Release|x86.ActiveCfg = Release|Any CPU
		{5E3CE65C-EC32-456B-BBF2-1F73A589AB98}.Release|x86.Build.0 = Release|Any CPU
		{06C2B75C-F82D-4F26-BD50-0DF7A3E91A14}.Debug|Any CPU.ActiveCfg = Debug|Any CPU
		{06C2B75C-F82D-4F26-BD50-0DF7A3E91A14}.Debug|Any CPU.Build.0 = Debug|Any CPU
		{06C2B75C-F82D-4F26-BD50-0DF7A3E91A14}.Debug|x64.ActiveCfg = Debug|Any CPU
		{06C2B75C-F82D-4F26-BD50-0DF7A3E91A14}.Debug|x64.Build.0 = Debug|Any CPU
		{06C2B75C-F82D-4F26-BD50-0DF7A3E91A14}.Debug|x86.ActiveCfg = Debug|Any CPU
		{06C2B75C-F82D-4F26-BD50-0DF7A3E91A14}.Debug|x86.Build.0 = Debug|Any CPU
		{06C2B75C-F82D-4F26-BD50-0DF7A3E91A14}.Release|Any CPU.ActiveCfg = Release|Any CPU
		{06C2B75C-F82D-4F26-BD50-0DF7A3E91A14}.Release|Any CPU.Build.0 = Release|Any CPU
		{06C2B75C-F82D-4F26-BD50-0DF7A3E91A14}.Release|x64.ActiveCfg = Release|Any CPU
		{06C2B75C-F82D-4F26-BD50-0DF7A3E91A14}.Release|x64.Build.0 = Release|Any CPU
		{06C2B75C-F82D-4F26-BD50-0DF7A3E91A14}.Release|x86.ActiveCfg = Release|Any CPU
		{06C2B75C-F82D-4F26-BD50-0DF7A3E91A14}.Release|x86.Build.0 = Release|Any CPU
		{EED8080B-3682-4E8A-8C82-0EB321036B47}.Debug|Any CPU.ActiveCfg = Debug|Any CPU
		{EED8080B-3682-4E8A-8C82-0EB321036B47}.Debug|Any CPU.Build.0 = Debug|Any CPU
		{EED8080B-3682-4E8A-8C82-0EB321036B47}.Debug|x64.ActiveCfg = Debug|Any CPU
		{EED8080B-3682-4E8A-8C82-0EB321036B47}.Debug|x64.Build.0 = Debug|Any CPU
		{EED8080B-3682-4E8A-8C82-0EB321036B47}.Debug|x86.ActiveCfg = Debug|Any CPU
		{EED8080B-3682-4E8A-8C82-0EB321036B47}.Debug|x86.Build.0 = Debug|Any CPU
		{EED8080B-3682-4E8A-8C82-0EB321036B47}.Release|Any CPU.ActiveCfg = Release|Any CPU
		{EED8080B-3682-4E8A-8C82-0EB321036B47}.Release|Any CPU.Build.0 = Release|Any CPU
		{EED8080B-3682-4E8A-8C82-0EB321036B47}.Release|x64.ActiveCfg = Release|Any CPU
		{EED8080B-3682-4E8A-8C82-0EB321036B47}.Release|x64.Build.0 = Release|Any CPU
		{EED8080B-3682-4E8A-8C82-0EB321036B47}.Release|x86.ActiveCfg = Release|Any CPU
		{EED8080B-3682-4E8A-8C82-0EB321036B47}.Release|x86.Build.0 = Release|Any CPU
		{72CD7617-EC61-4716-9435-F12E3F62222C}.Debug|Any CPU.ActiveCfg = Debug|Any CPU
		{72CD7617-EC61-4716-9435-F12E3F62222C}.Debug|Any CPU.Build.0 = Debug|Any CPU
		{72CD7617-EC61-4716-9435-F12E3F62222C}.Debug|x64.ActiveCfg = Debug|Any CPU
		{72CD7617-EC61-4716-9435-F12E3F62222C}.Debug|x64.Build.0 = Debug|Any CPU
		{72CD7617-EC61-4716-9435-F12E3F62222C}.Debug|x86.ActiveCfg = Debug|Any CPU
		{72CD7617-EC61-4716-9435-F12E3F62222C}.Debug|x86.Build.0 = Debug|Any CPU
		{72CD7617-EC61-4716-9435-F12E3F62222C}.Release|Any CPU.ActiveCfg = Release|Any CPU
		{72CD7617-EC61-4716-9435-F12E3F62222C}.Release|Any CPU.Build.0 = Release|Any CPU
		{72CD7617-EC61-4716-9435-F12E3F62222C}.Release|x64.ActiveCfg = Release|Any CPU
		{72CD7617-EC61-4716-9435-F12E3F62222C}.Release|x64.Build.0 = Release|Any CPU
		{72CD7617-EC61-4716-9435-F12E3F62222C}.Release|x86.ActiveCfg = Release|Any CPU
		{72CD7617-EC61-4716-9435-F12E3F62222C}.Release|x86.Build.0 = Release|Any CPU
		{7B9EFF15-B286-4084-AFD3-729C936910C7}.Debug|Any CPU.ActiveCfg = Debug|Any CPU
		{7B9EFF15-B286-4084-AFD3-729C936910C7}.Debug|Any CPU.Build.0 = Debug|Any CPU
		{7B9EFF15-B286-4084-AFD3-729C936910C7}.Debug|x64.ActiveCfg = Debug|Any CPU
		{7B9EFF15-B286-4084-AFD3-729C936910C7}.Debug|x64.Build.0 = Debug|Any CPU
		{7B9EFF15-B286-4084-AFD3-729C936910C7}.Debug|x86.ActiveCfg = Debug|Any CPU
		{7B9EFF15-B286-4084-AFD3-729C936910C7}.Debug|x86.Build.0 = Debug|Any CPU
		{7B9EFF15-B286-4084-AFD3-729C936910C7}.Release|Any CPU.ActiveCfg = Release|Any CPU
		{7B9EFF15-B286-4084-AFD3-729C936910C7}.Release|Any CPU.Build.0 = Release|Any CPU
		{7B9EFF15-B286-4084-AFD3-729C936910C7}.Release|x64.ActiveCfg = Release|Any CPU
		{7B9EFF15-B286-4084-AFD3-729C936910C7}.Release|x64.Build.0 = Release|Any CPU
		{7B9EFF15-B286-4084-AFD3-729C936910C7}.Release|x86.ActiveCfg = Release|Any CPU
		{7B9EFF15-B286-4084-AFD3-729C936910C7}.Release|x86.Build.0 = Release|Any CPU
		{AAA16643-C2A4-401A-840C-FEAAAA1C540C}.Debug|Any CPU.ActiveCfg = Debug|Any CPU
		{AAA16643-C2A4-401A-840C-FEAAAA1C540C}.Debug|Any CPU.Build.0 = Debug|Any CPU
		{AAA16643-C2A4-401A-840C-FEAAAA1C540C}.Debug|x64.ActiveCfg = Debug|Any CPU
		{AAA16643-C2A4-401A-840C-FEAAAA1C540C}.Debug|x64.Build.0 = Debug|Any CPU
		{AAA16643-C2A4-401A-840C-FEAAAA1C540C}.Debug|x86.ActiveCfg = Debug|Any CPU
		{AAA16643-C2A4-401A-840C-FEAAAA1C540C}.Debug|x86.Build.0 = Debug|Any CPU
		{AAA16643-C2A4-401A-840C-FEAAAA1C540C}.Release|Any CPU.ActiveCfg = Release|Any CPU
		{AAA16643-C2A4-401A-840C-FEAAAA1C540C}.Release|Any CPU.Build.0 = Release|Any CPU
		{AAA16643-C2A4-401A-840C-FEAAAA1C540C}.Release|x64.ActiveCfg = Release|Any CPU
		{AAA16643-C2A4-401A-840C-FEAAAA1C540C}.Release|x64.Build.0 = Release|Any CPU
		{AAA16643-C2A4-401A-840C-FEAAAA1C540C}.Release|x86.ActiveCfg = Release|Any CPU
		{AAA16643-C2A4-401A-840C-FEAAAA1C540C}.Release|x86.Build.0 = Release|Any CPU
		{B33652C1-156C-4E33-AEE6-B265CE082DF2}.Debug|Any CPU.ActiveCfg = Debug|Any CPU
		{B33652C1-156C-4E33-AEE6-B265CE082DF2}.Debug|Any CPU.Build.0 = Debug|Any CPU
		{B33652C1-156C-4E33-AEE6-B265CE082DF2}.Debug|x64.ActiveCfg = Debug|Any CPU
		{B33652C1-156C-4E33-AEE6-B265CE082DF2}.Debug|x64.Build.0 = Debug|Any CPU
		{B33652C1-156C-4E33-AEE6-B265CE082DF2}.Debug|x86.ActiveCfg = Debug|Any CPU
		{B33652C1-156C-4E33-AEE6-B265CE082DF2}.Debug|x86.Build.0 = Debug|Any CPU
		{B33652C1-156C-4E33-AEE6-B265CE082DF2}.Release|Any CPU.ActiveCfg = Release|Any CPU
		{B33652C1-156C-4E33-AEE6-B265CE082DF2}.Release|Any CPU.Build.0 = Release|Any CPU
		{B33652C1-156C-4E33-AEE6-B265CE082DF2}.Release|x64.ActiveCfg = Release|Any CPU
		{B33652C1-156C-4E33-AEE6-B265CE082DF2}.Release|x64.Build.0 = Release|Any CPU
		{B33652C1-156C-4E33-AEE6-B265CE082DF2}.Release|x86.ActiveCfg = Release|Any CPU
		{B33652C1-156C-4E33-AEE6-B265CE082DF2}.Release|x86.Build.0 = Release|Any CPU
		{3048B495-A4C3-4B2F-917D-EF7785E1D616}.Debug|Any CPU.ActiveCfg = Debug|Any CPU
		{3048B495-A4C3-4B2F-917D-EF7785E1D616}.Debug|Any CPU.Build.0 = Debug|Any CPU
		{3048B495-A4C3-4B2F-917D-EF7785E1D616}.Debug|x64.ActiveCfg = Debug|Any CPU
		{3048B495-A4C3-4B2F-917D-EF7785E1D616}.Debug|x64.Build.0 = Debug|Any CPU
		{3048B495-A4C3-4B2F-917D-EF7785E1D616}.Debug|x86.ActiveCfg = Debug|Any CPU
		{3048B495-A4C3-4B2F-917D-EF7785E1D616}.Debug|x86.Build.0 = Debug|Any CPU
		{3048B495-A4C3-4B2F-917D-EF7785E1D616}.Release|Any CPU.ActiveCfg = Release|Any CPU
		{3048B495-A4C3-4B2F-917D-EF7785E1D616}.Release|Any CPU.Build.0 = Release|Any CPU
		{3048B495-A4C3-4B2F-917D-EF7785E1D616}.Release|x64.ActiveCfg = Release|Any CPU
		{3048B495-A4C3-4B2F-917D-EF7785E1D616}.Release|x64.Build.0 = Release|Any CPU
		{3048B495-A4C3-4B2F-917D-EF7785E1D616}.Release|x86.ActiveCfg = Release|Any CPU
		{3048B495-A4C3-4B2F-917D-EF7785E1D616}.Release|x86.Build.0 = Release|Any CPU
		{E162233C-54F1-4A08-992E-EFCF02C5D69A}.Debug|Any CPU.ActiveCfg = Debug|Any CPU
		{E162233C-54F1-4A08-992E-EFCF02C5D69A}.Debug|Any CPU.Build.0 = Debug|Any CPU
		{E162233C-54F1-4A08-992E-EFCF02C5D69A}.Debug|x64.ActiveCfg = Debug|Any CPU
		{E162233C-54F1-4A08-992E-EFCF02C5D69A}.Debug|x64.Build.0 = Debug|Any CPU
		{E162233C-54F1-4A08-992E-EFCF02C5D69A}.Debug|x86.ActiveCfg = Debug|Any CPU
		{E162233C-54F1-4A08-992E-EFCF02C5D69A}.Debug|x86.Build.0 = Debug|Any CPU
		{E162233C-54F1-4A08-992E-EFCF02C5D69A}.Release|Any CPU.ActiveCfg = Release|Any CPU
		{E162233C-54F1-4A08-992E-EFCF02C5D69A}.Release|Any CPU.Build.0 = Release|Any CPU
		{E162233C-54F1-4A08-992E-EFCF02C5D69A}.Release|x64.ActiveCfg = Release|Any CPU
		{E162233C-54F1-4A08-992E-EFCF02C5D69A}.Release|x64.Build.0 = Release|Any CPU
		{E162233C-54F1-4A08-992E-EFCF02C5D69A}.Release|x86.ActiveCfg = Release|Any CPU
		{E162233C-54F1-4A08-992E-EFCF02C5D69A}.Release|x86.Build.0 = Release|Any CPU
		{1CDCCED4-E506-4153-B45A-A45DC79B70F1}.Debug|Any CPU.ActiveCfg = Debug|Any CPU
		{1CDCCED4-E506-4153-B45A-A45DC79B70F1}.Debug|Any CPU.Build.0 = Debug|Any CPU
		{1CDCCED4-E506-4153-B45A-A45DC79B70F1}.Debug|x64.ActiveCfg = Debug|Any CPU
		{1CDCCED4-E506-4153-B45A-A45DC79B70F1}.Debug|x64.Build.0 = Debug|Any CPU
		{1CDCCED4-E506-4153-B45A-A45DC79B70F1}.Debug|x86.ActiveCfg = Debug|Any CPU
		{1CDCCED4-E506-4153-B45A-A45DC79B70F1}.Debug|x86.Build.0 = Debug|Any CPU
		{1CDCCED4-E506-4153-B45A-A45DC79B70F1}.Release|Any CPU.ActiveCfg = Release|Any CPU
		{1CDCCED4-E506-4153-B45A-A45DC79B70F1}.Release|Any CPU.Build.0 = Release|Any CPU
		{1CDCCED4-E506-4153-B45A-A45DC79B70F1}.Release|x64.ActiveCfg = Release|Any CPU
		{1CDCCED4-E506-4153-B45A-A45DC79B70F1}.Release|x64.Build.0 = Release|Any CPU
		{1CDCCED4-E506-4153-B45A-A45DC79B70F1}.Release|x86.ActiveCfg = Release|Any CPU
		{1CDCCED4-E506-4153-B45A-A45DC79B70F1}.Release|x86.Build.0 = Release|Any CPU
		{BC15125A-48AC-48E7-B779-A1A9F6757441}.Debug|Any CPU.ActiveCfg = Debug|Any CPU
		{BC15125A-48AC-48E7-B779-A1A9F6757441}.Debug|Any CPU.Build.0 = Debug|Any CPU
		{BC15125A-48AC-48E7-B779-A1A9F6757441}.Debug|x64.ActiveCfg = Debug|Any CPU
		{BC15125A-48AC-48E7-B779-A1A9F6757441}.Debug|x64.Build.0 = Debug|Any CPU
		{BC15125A-48AC-48E7-B779-A1A9F6757441}.Debug|x86.ActiveCfg = Debug|Any CPU
		{BC15125A-48AC-48E7-B779-A1A9F6757441}.Debug|x86.Build.0 = Debug|Any CPU
		{BC15125A-48AC-48E7-B779-A1A9F6757441}.Release|Any CPU.ActiveCfg = Release|Any CPU
		{BC15125A-48AC-48E7-B779-A1A9F6757441}.Release|Any CPU.Build.0 = Release|Any CPU
		{BC15125A-48AC-48E7-B779-A1A9F6757441}.Release|x64.ActiveCfg = Release|Any CPU
		{BC15125A-48AC-48E7-B779-A1A9F6757441}.Release|x64.Build.0 = Release|Any CPU
		{BC15125A-48AC-48E7-B779-A1A9F6757441}.Release|x86.ActiveCfg = Release|Any CPU
		{BC15125A-48AC-48E7-B779-A1A9F6757441}.Release|x86.Build.0 = Release|Any CPU
		{C6DD0F99-3AE7-495D-A51F-FB6F1E6EBAB8}.Debug|Any CPU.ActiveCfg = Debug|Any CPU
		{C6DD0F99-3AE7-495D-A51F-FB6F1E6EBAB8}.Debug|Any CPU.Build.0 = Debug|Any CPU
		{C6DD0F99-3AE7-495D-A51F-FB6F1E6EBAB8}.Debug|x64.ActiveCfg = Debug|Any CPU
		{C6DD0F99-3AE7-495D-A51F-FB6F1E6EBAB8}.Debug|x64.Build.0 = Debug|Any CPU
		{C6DD0F99-3AE7-495D-A51F-FB6F1E6EBAB8}.Debug|x86.ActiveCfg = Debug|Any CPU
		{C6DD0F99-3AE7-495D-A51F-FB6F1E6EBAB8}.Debug|x86.Build.0 = Debug|Any CPU
		{C6DD0F99-3AE7-495D-A51F-FB6F1E6EBAB8}.Release|Any CPU.ActiveCfg = Release|Any CPU
		{C6DD0F99-3AE7-495D-A51F-FB6F1E6EBAB8}.Release|Any CPU.Build.0 = Release|Any CPU
		{C6DD0F99-3AE7-495D-A51F-FB6F1E6EBAB8}.Release|x64.ActiveCfg = Release|Any CPU
		{C6DD0F99-3AE7-495D-A51F-FB6F1E6EBAB8}.Release|x64.Build.0 = Release|Any CPU
		{C6DD0F99-3AE7-495D-A51F-FB6F1E6EBAB8}.Release|x86.ActiveCfg = Release|Any CPU
		{C6DD0F99-3AE7-495D-A51F-FB6F1E6EBAB8}.Release|x86.Build.0 = Release|Any CPU
		{298FBD10-0FB5-49CD-AC6F-F53850F2C706}.Debug|Any CPU.ActiveCfg = Debug|Any CPU
		{298FBD10-0FB5-49CD-AC6F-F53850F2C706}.Debug|Any CPU.Build.0 = Debug|Any CPU
		{298FBD10-0FB5-49CD-AC6F-F53850F2C706}.Debug|x64.ActiveCfg = Debug|Any CPU
		{298FBD10-0FB5-49CD-AC6F-F53850F2C706}.Debug|x64.Build.0 = Debug|Any CPU
		{298FBD10-0FB5-49CD-AC6F-F53850F2C706}.Debug|x86.ActiveCfg = Debug|Any CPU
		{298FBD10-0FB5-49CD-AC6F-F53850F2C706}.Debug|x86.Build.0 = Debug|Any CPU
		{298FBD10-0FB5-49CD-AC6F-F53850F2C706}.Release|Any CPU.ActiveCfg = Release|Any CPU
		{298FBD10-0FB5-49CD-AC6F-F53850F2C706}.Release|Any CPU.Build.0 = Release|Any CPU
		{298FBD10-0FB5-49CD-AC6F-F53850F2C706}.Release|x64.ActiveCfg = Release|Any CPU
		{298FBD10-0FB5-49CD-AC6F-F53850F2C706}.Release|x64.Build.0 = Release|Any CPU
		{298FBD10-0FB5-49CD-AC6F-F53850F2C706}.Release|x86.ActiveCfg = Release|Any CPU
		{298FBD10-0FB5-49CD-AC6F-F53850F2C706}.Release|x86.Build.0 = Release|Any CPU
		{010BD1A9-1F61-45B2-A2A5-2E1D911BD36B}.Debug|Any CPU.ActiveCfg = Debug|Any CPU
		{010BD1A9-1F61-45B2-A2A5-2E1D911BD36B}.Debug|Any CPU.Build.0 = Debug|Any CPU
		{010BD1A9-1F61-45B2-A2A5-2E1D911BD36B}.Debug|x64.ActiveCfg = Debug|Any CPU
		{010BD1A9-1F61-45B2-A2A5-2E1D911BD36B}.Debug|x64.Build.0 = Debug|Any CPU
		{010BD1A9-1F61-45B2-A2A5-2E1D911BD36B}.Debug|x86.ActiveCfg = Debug|Any CPU
		{010BD1A9-1F61-45B2-A2A5-2E1D911BD36B}.Debug|x86.Build.0 = Debug|Any CPU
		{010BD1A9-1F61-45B2-A2A5-2E1D911BD36B}.Release|Any CPU.ActiveCfg = Release|Any CPU
		{010BD1A9-1F61-45B2-A2A5-2E1D911BD36B}.Release|Any CPU.Build.0 = Release|Any CPU
		{010BD1A9-1F61-45B2-A2A5-2E1D911BD36B}.Release|x64.ActiveCfg = Release|Any CPU
		{010BD1A9-1F61-45B2-A2A5-2E1D911BD36B}.Release|x64.Build.0 = Release|Any CPU
		{010BD1A9-1F61-45B2-A2A5-2E1D911BD36B}.Release|x86.ActiveCfg = Release|Any CPU
		{010BD1A9-1F61-45B2-A2A5-2E1D911BD36B}.Release|x86.Build.0 = Release|Any CPU
		{95A91D94-78B3-4A17-A369-2E0CE852E5F9}.Debug|Any CPU.ActiveCfg = Debug|Any CPU
		{95A91D94-78B3-4A17-A369-2E0CE852E5F9}.Debug|Any CPU.Build.0 = Debug|Any CPU
		{95A91D94-78B3-4A17-A369-2E0CE852E5F9}.Debug|x64.ActiveCfg = Debug|Any CPU
		{95A91D94-78B3-4A17-A369-2E0CE852E5F9}.Debug|x64.Build.0 = Debug|Any CPU
		{95A91D94-78B3-4A17-A369-2E0CE852E5F9}.Debug|x86.ActiveCfg = Debug|Any CPU
		{95A91D94-78B3-4A17-A369-2E0CE852E5F9}.Debug|x86.Build.0 = Debug|Any CPU
		{95A91D94-78B3-4A17-A369-2E0CE852E5F9}.Release|Any CPU.ActiveCfg = Release|Any CPU
		{95A91D94-78B3-4A17-A369-2E0CE852E5F9}.Release|Any CPU.Build.0 = Release|Any CPU
		{95A91D94-78B3-4A17-A369-2E0CE852E5F9}.Release|x64.ActiveCfg = Release|Any CPU
		{95A91D94-78B3-4A17-A369-2E0CE852E5F9}.Release|x64.Build.0 = Release|Any CPU
		{95A91D94-78B3-4A17-A369-2E0CE852E5F9}.Release|x86.ActiveCfg = Release|Any CPU
		{95A91D94-78B3-4A17-A369-2E0CE852E5F9}.Release|x86.Build.0 = Release|Any CPU
		{10AEFFDB-BEFF-45C9-8493-53440E984773}.Debug|Any CPU.ActiveCfg = Debug|Any CPU
		{10AEFFDB-BEFF-45C9-8493-53440E984773}.Debug|Any CPU.Build.0 = Debug|Any CPU
		{10AEFFDB-BEFF-45C9-8493-53440E984773}.Debug|x64.ActiveCfg = Debug|Any CPU
		{10AEFFDB-BEFF-45C9-8493-53440E984773}.Debug|x64.Build.0 = Debug|Any CPU
		{10AEFFDB-BEFF-45C9-8493-53440E984773}.Debug|x86.ActiveCfg = Debug|Any CPU
		{10AEFFDB-BEFF-45C9-8493-53440E984773}.Debug|x86.Build.0 = Debug|Any CPU
		{10AEFFDB-BEFF-45C9-8493-53440E984773}.Release|Any CPU.ActiveCfg = Release|Any CPU
		{10AEFFDB-BEFF-45C9-8493-53440E984773}.Release|Any CPU.Build.0 = Release|Any CPU
		{10AEFFDB-BEFF-45C9-8493-53440E984773}.Release|x64.ActiveCfg = Release|Any CPU
		{10AEFFDB-BEFF-45C9-8493-53440E984773}.Release|x64.Build.0 = Release|Any CPU
		{10AEFFDB-BEFF-45C9-8493-53440E984773}.Release|x86.ActiveCfg = Release|Any CPU
		{10AEFFDB-BEFF-45C9-8493-53440E984773}.Release|x86.Build.0 = Release|Any CPU
		{99293040-0D23-4829-9B71-6349564B067C}.Debug|Any CPU.ActiveCfg = Debug|Any CPU
		{99293040-0D23-4829-9B71-6349564B067C}.Debug|Any CPU.Build.0 = Debug|Any CPU
		{99293040-0D23-4829-9B71-6349564B067C}.Debug|x64.ActiveCfg = Debug|Any CPU
		{99293040-0D23-4829-9B71-6349564B067C}.Debug|x64.Build.0 = Debug|Any CPU
		{99293040-0D23-4829-9B71-6349564B067C}.Debug|x86.ActiveCfg = Debug|Any CPU
		{99293040-0D23-4829-9B71-6349564B067C}.Debug|x86.Build.0 = Debug|Any CPU
		{99293040-0D23-4829-9B71-6349564B067C}.Release|Any CPU.ActiveCfg = Release|Any CPU
		{99293040-0D23-4829-9B71-6349564B067C}.Release|Any CPU.Build.0 = Release|Any CPU
		{99293040-0D23-4829-9B71-6349564B067C}.Release|x64.ActiveCfg = Release|Any CPU
		{99293040-0D23-4829-9B71-6349564B067C}.Release|x64.Build.0 = Release|Any CPU
		{99293040-0D23-4829-9B71-6349564B067C}.Release|x86.ActiveCfg = Release|Any CPU
		{99293040-0D23-4829-9B71-6349564B067C}.Release|x86.Build.0 = Release|Any CPU
		{52FF92C6-AD6D-4767-8F3B-58F092C3047E}.Debug|Any CPU.ActiveCfg = Debug|Any CPU
		{52FF92C6-AD6D-4767-8F3B-58F092C3047E}.Debug|Any CPU.Build.0 = Debug|Any CPU
		{52FF92C6-AD6D-4767-8F3B-58F092C3047E}.Debug|x64.ActiveCfg = Debug|Any CPU
		{52FF92C6-AD6D-4767-8F3B-58F092C3047E}.Debug|x64.Build.0 = Debug|Any CPU
		{52FF92C6-AD6D-4767-8F3B-58F092C3047E}.Debug|x86.ActiveCfg = Debug|Any CPU
		{52FF92C6-AD6D-4767-8F3B-58F092C3047E}.Debug|x86.Build.0 = Debug|Any CPU
		{52FF92C6-AD6D-4767-8F3B-58F092C3047E}.Release|Any CPU.ActiveCfg = Release|Any CPU
		{52FF92C6-AD6D-4767-8F3B-58F092C3047E}.Release|Any CPU.Build.0 = Release|Any CPU
		{52FF92C6-AD6D-4767-8F3B-58F092C3047E}.Release|x64.ActiveCfg = Release|Any CPU
		{52FF92C6-AD6D-4767-8F3B-58F092C3047E}.Release|x64.Build.0 = Release|Any CPU
		{52FF92C6-AD6D-4767-8F3B-58F092C3047E}.Release|x86.ActiveCfg = Release|Any CPU
		{52FF92C6-AD6D-4767-8F3B-58F092C3047E}.Release|x86.Build.0 = Release|Any CPU
		{4F7906C3-5420-47FF-B539-F64ED56D9B80}.Debug|Any CPU.ActiveCfg = Debug|Any CPU
		{4F7906C3-5420-47FF-B539-F64ED56D9B80}.Debug|Any CPU.Build.0 = Debug|Any CPU
		{4F7906C3-5420-47FF-B539-F64ED56D9B80}.Debug|x64.ActiveCfg = Debug|Any CPU
		{4F7906C3-5420-47FF-B539-F64ED56D9B80}.Debug|x64.Build.0 = Debug|Any CPU
		{4F7906C3-5420-47FF-B539-F64ED56D9B80}.Debug|x86.ActiveCfg = Debug|Any CPU
		{4F7906C3-5420-47FF-B539-F64ED56D9B80}.Debug|x86.Build.0 = Debug|Any CPU
		{4F7906C3-5420-47FF-B539-F64ED56D9B80}.Release|Any CPU.ActiveCfg = Release|Any CPU
		{4F7906C3-5420-47FF-B539-F64ED56D9B80}.Release|Any CPU.Build.0 = Release|Any CPU
		{4F7906C3-5420-47FF-B539-F64ED56D9B80}.Release|x64.ActiveCfg = Release|Any CPU
		{4F7906C3-5420-47FF-B539-F64ED56D9B80}.Release|x64.Build.0 = Release|Any CPU
		{4F7906C3-5420-47FF-B539-F64ED56D9B80}.Release|x86.ActiveCfg = Release|Any CPU
		{4F7906C3-5420-47FF-B539-F64ED56D9B80}.Release|x86.Build.0 = Release|Any CPU
		{79606D73-DFFF-442E-B9E1-0E8BD441713D}.Debug|Any CPU.ActiveCfg = Debug|Any CPU
		{79606D73-DFFF-442E-B9E1-0E8BD441713D}.Debug|Any CPU.Build.0 = Debug|Any CPU
		{79606D73-DFFF-442E-B9E1-0E8BD441713D}.Debug|x64.ActiveCfg = Debug|Any CPU
		{79606D73-DFFF-442E-B9E1-0E8BD441713D}.Debug|x64.Build.0 = Debug|Any CPU
		{79606D73-DFFF-442E-B9E1-0E8BD441713D}.Debug|x86.ActiveCfg = Debug|Any CPU
		{79606D73-DFFF-442E-B9E1-0E8BD441713D}.Debug|x86.Build.0 = Debug|Any CPU
		{79606D73-DFFF-442E-B9E1-0E8BD441713D}.Release|Any CPU.ActiveCfg = Release|Any CPU
		{79606D73-DFFF-442E-B9E1-0E8BD441713D}.Release|Any CPU.Build.0 = Release|Any CPU
		{79606D73-DFFF-442E-B9E1-0E8BD441713D}.Release|x64.ActiveCfg = Release|Any CPU
		{79606D73-DFFF-442E-B9E1-0E8BD441713D}.Release|x64.Build.0 = Release|Any CPU
		{79606D73-DFFF-442E-B9E1-0E8BD441713D}.Release|x86.ActiveCfg = Release|Any CPU
		{79606D73-DFFF-442E-B9E1-0E8BD441713D}.Release|x86.Build.0 = Release|Any CPU
		{10D2F9BB-D4BB-40BB-B550-6CDD50356B76}.Debug|Any CPU.ActiveCfg = Debug|Any CPU
		{10D2F9BB-D4BB-40BB-B550-6CDD50356B76}.Debug|Any CPU.Build.0 = Debug|Any CPU
		{10D2F9BB-D4BB-40BB-B550-6CDD50356B76}.Debug|x64.ActiveCfg = Debug|Any CPU
		{10D2F9BB-D4BB-40BB-B550-6CDD50356B76}.Debug|x64.Build.0 = Debug|Any CPU
		{10D2F9BB-D4BB-40BB-B550-6CDD50356B76}.Debug|x86.ActiveCfg = Debug|Any CPU
		{10D2F9BB-D4BB-40BB-B550-6CDD50356B76}.Debug|x86.Build.0 = Debug|Any CPU
		{10D2F9BB-D4BB-40BB-B550-6CDD50356B76}.Release|Any CPU.ActiveCfg = Release|Any CPU
		{10D2F9BB-D4BB-40BB-B550-6CDD50356B76}.Release|Any CPU.Build.0 = Release|Any CPU
		{10D2F9BB-D4BB-40BB-B550-6CDD50356B76}.Release|x64.ActiveCfg = Release|Any CPU
		{10D2F9BB-D4BB-40BB-B550-6CDD50356B76}.Release|x64.Build.0 = Release|Any CPU
		{10D2F9BB-D4BB-40BB-B550-6CDD50356B76}.Release|x86.ActiveCfg = Release|Any CPU
		{10D2F9BB-D4BB-40BB-B550-6CDD50356B76}.Release|x86.Build.0 = Release|Any CPU
		{0E0B0A79-C6F6-4E69-8181-BB2DA470B9BB}.Debug|Any CPU.ActiveCfg = Debug|Any CPU
		{0E0B0A79-C6F6-4E69-8181-BB2DA470B9BB}.Debug|Any CPU.Build.0 = Debug|Any CPU
		{0E0B0A79-C6F6-4E69-8181-BB2DA470B9BB}.Debug|x64.ActiveCfg = Debug|Any CPU
		{0E0B0A79-C6F6-4E69-8181-BB2DA470B9BB}.Debug|x64.Build.0 = Debug|Any CPU
		{0E0B0A79-C6F6-4E69-8181-BB2DA470B9BB}.Debug|x86.ActiveCfg = Debug|Any CPU
		{0E0B0A79-C6F6-4E69-8181-BB2DA470B9BB}.Debug|x86.Build.0 = Debug|Any CPU
		{0E0B0A79-C6F6-4E69-8181-BB2DA470B9BB}.Release|Any CPU.ActiveCfg = Release|Any CPU
		{0E0B0A79-C6F6-4E69-8181-BB2DA470B9BB}.Release|Any CPU.Build.0 = Release|Any CPU
		{0E0B0A79-C6F6-4E69-8181-BB2DA470B9BB}.Release|x64.ActiveCfg = Release|Any CPU
		{0E0B0A79-C6F6-4E69-8181-BB2DA470B9BB}.Release|x64.Build.0 = Release|Any CPU
		{0E0B0A79-C6F6-4E69-8181-BB2DA470B9BB}.Release|x86.ActiveCfg = Release|Any CPU
		{0E0B0A79-C6F6-4E69-8181-BB2DA470B9BB}.Release|x86.Build.0 = Release|Any CPU
		{77A48AB2-6E73-4D72-B13E-448768B7E8BB}.Debug|Any CPU.ActiveCfg = Debug|Any CPU
		{77A48AB2-6E73-4D72-B13E-448768B7E8BB}.Debug|Any CPU.Build.0 = Debug|Any CPU
		{77A48AB2-6E73-4D72-B13E-448768B7E8BB}.Debug|x64.ActiveCfg = Debug|Any CPU
		{77A48AB2-6E73-4D72-B13E-448768B7E8BB}.Debug|x64.Build.0 = Debug|Any CPU
		{77A48AB2-6E73-4D72-B13E-448768B7E8BB}.Debug|x86.ActiveCfg = Debug|Any CPU
		{77A48AB2-6E73-4D72-B13E-448768B7E8BB}.Debug|x86.Build.0 = Debug|Any CPU
		{77A48AB2-6E73-4D72-B13E-448768B7E8BB}.Release|Any CPU.ActiveCfg = Release|Any CPU
		{77A48AB2-6E73-4D72-B13E-448768B7E8BB}.Release|Any CPU.Build.0 = Release|Any CPU
		{77A48AB2-6E73-4D72-B13E-448768B7E8BB}.Release|x64.ActiveCfg = Release|Any CPU
		{77A48AB2-6E73-4D72-B13E-448768B7E8BB}.Release|x64.Build.0 = Release|Any CPU
		{77A48AB2-6E73-4D72-B13E-448768B7E8BB}.Release|x86.ActiveCfg = Release|Any CPU
		{77A48AB2-6E73-4D72-B13E-448768B7E8BB}.Release|x86.Build.0 = Release|Any CPU
		{346D36D9-7AB9-445E-936D-EC0C2F747BFB}.Debug|Any CPU.ActiveCfg = Debug|Any CPU
		{346D36D9-7AB9-445E-936D-EC0C2F747BFB}.Debug|Any CPU.Build.0 = Debug|Any CPU
		{346D36D9-7AB9-445E-936D-EC0C2F747BFB}.Debug|x64.ActiveCfg = Debug|Any CPU
		{346D36D9-7AB9-445E-936D-EC0C2F747BFB}.Debug|x64.Build.0 = Debug|Any CPU
		{346D36D9-7AB9-445E-936D-EC0C2F747BFB}.Debug|x86.ActiveCfg = Debug|Any CPU
		{346D36D9-7AB9-445E-936D-EC0C2F747BFB}.Debug|x86.Build.0 = Debug|Any CPU
		{346D36D9-7AB9-445E-936D-EC0C2F747BFB}.Release|Any CPU.ActiveCfg = Release|Any CPU
		{346D36D9-7AB9-445E-936D-EC0C2F747BFB}.Release|Any CPU.Build.0 = Release|Any CPU
		{346D36D9-7AB9-445E-936D-EC0C2F747BFB}.Release|x64.ActiveCfg = Release|Any CPU
		{346D36D9-7AB9-445E-936D-EC0C2F747BFB}.Release|x64.Build.0 = Release|Any CPU
		{346D36D9-7AB9-445E-936D-EC0C2F747BFB}.Release|x86.ActiveCfg = Release|Any CPU
		{346D36D9-7AB9-445E-936D-EC0C2F747BFB}.Release|x86.Build.0 = Release|Any CPU
		{9B1A5C25-E5E7-4D4D-9054-8B9E996038AC}.Debug|Any CPU.ActiveCfg = Debug|Any CPU
		{9B1A5C25-E5E7-4D4D-9054-8B9E996038AC}.Debug|Any CPU.Build.0 = Debug|Any CPU
		{9B1A5C25-E5E7-4D4D-9054-8B9E996038AC}.Debug|x64.ActiveCfg = Debug|Any CPU
		{9B1A5C25-E5E7-4D4D-9054-8B9E996038AC}.Debug|x64.Build.0 = Debug|Any CPU
		{9B1A5C25-E5E7-4D4D-9054-8B9E996038AC}.Debug|x86.ActiveCfg = Debug|Any CPU
		{9B1A5C25-E5E7-4D4D-9054-8B9E996038AC}.Debug|x86.Build.0 = Debug|Any CPU
		{9B1A5C25-E5E7-4D4D-9054-8B9E996038AC}.Release|Any CPU.ActiveCfg = Release|Any CPU
		{9B1A5C25-E5E7-4D4D-9054-8B9E996038AC}.Release|Any CPU.Build.0 = Release|Any CPU
		{9B1A5C25-E5E7-4D4D-9054-8B9E996038AC}.Release|x64.ActiveCfg = Release|Any CPU
		{9B1A5C25-E5E7-4D4D-9054-8B9E996038AC}.Release|x64.Build.0 = Release|Any CPU
		{9B1A5C25-E5E7-4D4D-9054-8B9E996038AC}.Release|x86.ActiveCfg = Release|Any CPU
		{9B1A5C25-E5E7-4D4D-9054-8B9E996038AC}.Release|x86.Build.0 = Release|Any CPU
		{22B775C2-630A-479F-82F8-717877F6B8CB}.Debug|Any CPU.ActiveCfg = Debug|Any CPU
		{22B775C2-630A-479F-82F8-717877F6B8CB}.Debug|Any CPU.Build.0 = Debug|Any CPU
		{22B775C2-630A-479F-82F8-717877F6B8CB}.Debug|x64.ActiveCfg = Debug|Any CPU
		{22B775C2-630A-479F-82F8-717877F6B8CB}.Debug|x64.Build.0 = Debug|Any CPU
		{22B775C2-630A-479F-82F8-717877F6B8CB}.Debug|x86.ActiveCfg = Debug|Any CPU
		{22B775C2-630A-479F-82F8-717877F6B8CB}.Debug|x86.Build.0 = Debug|Any CPU
		{22B775C2-630A-479F-82F8-717877F6B8CB}.Release|Any CPU.ActiveCfg = Release|Any CPU
		{22B775C2-630A-479F-82F8-717877F6B8CB}.Release|Any CPU.Build.0 = Release|Any CPU
		{22B775C2-630A-479F-82F8-717877F6B8CB}.Release|x64.ActiveCfg = Release|Any CPU
		{22B775C2-630A-479F-82F8-717877F6B8CB}.Release|x64.Build.0 = Release|Any CPU
		{22B775C2-630A-479F-82F8-717877F6B8CB}.Release|x86.ActiveCfg = Release|Any CPU
		{22B775C2-630A-479F-82F8-717877F6B8CB}.Release|x86.Build.0 = Release|Any CPU
		{88729C47-477A-405A-9EE2-562B46B8AB52}.Debug|Any CPU.ActiveCfg = Debug|Any CPU
		{88729C47-477A-405A-9EE2-562B46B8AB52}.Debug|Any CPU.Build.0 = Debug|Any CPU
		{88729C47-477A-405A-9EE2-562B46B8AB52}.Debug|x64.ActiveCfg = Debug|Any CPU
		{88729C47-477A-405A-9EE2-562B46B8AB52}.Debug|x64.Build.0 = Debug|Any CPU
		{88729C47-477A-405A-9EE2-562B46B8AB52}.Debug|x86.ActiveCfg = Debug|Any CPU
		{88729C47-477A-405A-9EE2-562B46B8AB52}.Debug|x86.Build.0 = Debug|Any CPU
		{88729C47-477A-405A-9EE2-562B46B8AB52}.Release|Any CPU.ActiveCfg = Release|Any CPU
		{88729C47-477A-405A-9EE2-562B46B8AB52}.Release|Any CPU.Build.0 = Release|Any CPU
		{88729C47-477A-405A-9EE2-562B46B8AB52}.Release|x64.ActiveCfg = Release|Any CPU
		{88729C47-477A-405A-9EE2-562B46B8AB52}.Release|x64.Build.0 = Release|Any CPU
		{88729C47-477A-405A-9EE2-562B46B8AB52}.Release|x86.ActiveCfg = Release|Any CPU
		{88729C47-477A-405A-9EE2-562B46B8AB52}.Release|x86.Build.0 = Release|Any CPU
		{374989F5-476A-4DD1-8EAA-1F91F93BDE51}.Debug|Any CPU.ActiveCfg = Debug|Any CPU
		{374989F5-476A-4DD1-8EAA-1F91F93BDE51}.Debug|Any CPU.Build.0 = Debug|Any CPU
		{374989F5-476A-4DD1-8EAA-1F91F93BDE51}.Debug|x64.ActiveCfg = Debug|Any CPU
		{374989F5-476A-4DD1-8EAA-1F91F93BDE51}.Debug|x64.Build.0 = Debug|Any CPU
		{374989F5-476A-4DD1-8EAA-1F91F93BDE51}.Debug|x86.ActiveCfg = Debug|Any CPU
		{374989F5-476A-4DD1-8EAA-1F91F93BDE51}.Debug|x86.Build.0 = Debug|Any CPU
		{374989F5-476A-4DD1-8EAA-1F91F93BDE51}.Release|Any CPU.ActiveCfg = Release|Any CPU
		{374989F5-476A-4DD1-8EAA-1F91F93BDE51}.Release|Any CPU.Build.0 = Release|Any CPU
		{374989F5-476A-4DD1-8EAA-1F91F93BDE51}.Release|x64.ActiveCfg = Release|Any CPU
		{374989F5-476A-4DD1-8EAA-1F91F93BDE51}.Release|x64.Build.0 = Release|Any CPU
		{374989F5-476A-4DD1-8EAA-1F91F93BDE51}.Release|x86.ActiveCfg = Release|Any CPU
		{374989F5-476A-4DD1-8EAA-1F91F93BDE51}.Release|x86.Build.0 = Release|Any CPU
	EndGlobalSection
	GlobalSection(SolutionProperties) = preSolution
		HideSolutionNode = FALSE
	EndGlobalSection
	GlobalSection(NestedProjects) = preSolution
		{F379FCD9-E19B-467A-A321-F0CB9C0B6185} = {3F1DD888-5F29-4C8C-9521-60B49DF30801}
		{FCE0F1B8-C252-4E8E-ABDE-9536900440F8} = {3F1DD888-5F29-4C8C-9521-60B49DF30801}
		{6E669BFC-8D38-4616-964F-D7B2179DB577} = {FD3F88E6-A708-43A9-9458-9171C8D531DC}
		{098402CA-1F4D-437A-A97E-4056F7AE065E} = {FD3F88E6-A708-43A9-9458-9171C8D531DC}
		{D68209A2-BC2A-44EC-BE56-39B1351082A7} = {FD3F88E6-A708-43A9-9458-9171C8D531DC}
		{5E3CE65C-EC32-456B-BBF2-1F73A589AB98} = {FD3F88E6-A708-43A9-9458-9171C8D531DC}
		{06C2B75C-F82D-4F26-BD50-0DF7A3E91A14} = {FD3F88E6-A708-43A9-9458-9171C8D531DC}
		{EED8080B-3682-4E8A-8C82-0EB321036B47} = {4264D1A9-166A-40CE-B40E-E139350BD865}
		{72CD7617-EC61-4716-9435-F12E3F62222C} = {FD3F88E6-A708-43A9-9458-9171C8D531DC}
		{7B9EFF15-B286-4084-AFD3-729C936910C7} = {FD3F88E6-A708-43A9-9458-9171C8D531DC}
		{AAA16643-C2A4-401A-840C-FEAAAA1C540C} = {FD3F88E6-A708-43A9-9458-9171C8D531DC}
		{B33652C1-156C-4E33-AEE6-B265CE082DF2} = {3F1DD888-5F29-4C8C-9521-60B49DF30801}
		{3048B495-A4C3-4B2F-917D-EF7785E1D616} = {FD3F88E6-A708-43A9-9458-9171C8D531DC}
		{E162233C-54F1-4A08-992E-EFCF02C5D69A} = {3F1DD888-5F29-4C8C-9521-60B49DF30801}
		{1CDCCED4-E506-4153-B45A-A45DC79B70F1} = {3F1DD888-5F29-4C8C-9521-60B49DF30801}
		{BC15125A-48AC-48E7-B779-A1A9F6757441} = {FD3F88E6-A708-43A9-9458-9171C8D531DC}
		{C6DD0F99-3AE7-495D-A51F-FB6F1E6EBAB8} = {3F1DD888-5F29-4C8C-9521-60B49DF30801}
		{3932A619-6D25-FE18-7246-935A58BDFE61} = {5D20AA90-6969-D8BD-9DCD-8634F4692FDA}
		{298FBD10-0FB5-49CD-AC6F-F53850F2C706} = {3932A619-6D25-FE18-7246-935A58BDFE61}
		{010BD1A9-1F61-45B2-A2A5-2E1D911BD36B} = {3932A619-6D25-FE18-7246-935A58BDFE61}
		{95A91D94-78B3-4A17-A369-2E0CE852E5F9} = {3932A619-6D25-FE18-7246-935A58BDFE61}
		{10AEFFDB-BEFF-45C9-8493-53440E984773} = {3932A619-6D25-FE18-7246-935A58BDFE61}
		{99293040-0D23-4829-9B71-6349564B067C} = {3932A619-6D25-FE18-7246-935A58BDFE61}
		{52FF92C6-AD6D-4767-8F3B-58F092C3047E} = {3932A619-6D25-FE18-7246-935A58BDFE61}
		{4F7906C3-5420-47FF-B539-F64ED56D9B80} = {3932A619-6D25-FE18-7246-935A58BDFE61}
		{79606D73-DFFF-442E-B9E1-0E8BD441713D} = {3932A619-6D25-FE18-7246-935A58BDFE61}
		{10D2F9BB-D4BB-40BB-B550-6CDD50356B76} = {3932A619-6D25-FE18-7246-935A58BDFE61}
		{0E0B0A79-C6F6-4E69-8181-BB2DA470B9BB} = {3932A619-6D25-FE18-7246-935A58BDFE61}
		{A814904A-6680-1EFA-008D-61734E915ACB} = {3932A619-6D25-FE18-7246-935A58BDFE61}
		{77A48AB2-6E73-4D72-B13E-448768B7E8BB} = {A814904A-6680-1EFA-008D-61734E915ACB}
		{346D36D9-7AB9-445E-936D-EC0C2F747BFB} = {A814904A-6680-1EFA-008D-61734E915ACB}
		{9B1A5C25-E5E7-4D4D-9054-8B9E996038AC} = {A814904A-6680-1EFA-008D-61734E915ACB}
		{22B775C2-630A-479F-82F8-717877F6B8CB} = {A814904A-6680-1EFA-008D-61734E915ACB}
		{88729C47-477A-405A-9EE2-562B46B8AB52} = {A814904A-6680-1EFA-008D-61734E915ACB}
		{374989F5-476A-4DD1-8EAA-1F91F93BDE51} = {A814904A-6680-1EFA-008D-61734E915ACB}
	EndGlobalSection
EndGlobal
